// !$*UTF8*$!
{
	archiveVersion = 1;
	classes = {
	};
	objectVersion = 77;
	objects = {

/* Begin PBXBuildFile section */
		12D355FBBE67FA10EADF80CC /* AppConfig.swift in Sources */ = {isa = PBXBuildFile; fileRef = E8CE0A5718D2AC6132157B5B /* AppConfig.swift */; };
		14D68E1CD8350F71E111E6FB /* SessionStore.swift in Sources */ = {isa = PBXBuildFile; fileRef = 5F6BFF40E136CB2D9D516ECB /* SessionStore.swift */; };
		2EA42A49AC32E9357C962B2B /* PatchworkApp.swift in Sources */ = {isa = PBXBuildFile; fileRef = D5656FF60AE9B93703C1A1A6 /* PatchworkApp.swift */; };
		451923C2FFF3664B54840B45 /* LeaveReviewView.swift in Sources */ = {isa = PBXBuildFile; fileRef = DC2E0F804448A5611B7946DA /* LeaveReviewView.swift */; };
		474738E0206B742BBAEAD3B2 /* PatchworkTests.swift in Sources */ = {isa = PBXBuildFile; fileRef = 2279629ECB9CAB1F2D17536B /* PatchworkTests.swift */; };
		48CD452FB3052C6976D36007 /* RootView.swift in Sources */ = {isa = PBXBuildFile; fileRef = 729E33D4E7B681C1ABDBD69A /* RootView.swift */; };
		4D0CDF68A14678DF324EA135 /* MessagesView.swift in Sources */ = {isa = PBXBuildFile; fileRef = CCDAD88D57BEC8C727115A6F /* MessagesView.swift */; };
		5CD0852875CAECEBF9D9C119 /* CategoriesView.swift in Sources */ = {isa = PBXBuildFile; fileRef = 09019FECF835A15001917199 /* CategoriesView.swift */; };
		62EF7FB4B7937D3B945A379B /* ProfileView.swift in Sources */ = {isa = PBXBuildFile; fileRef = B810AFA2F7D8E281A10001B8 /* ProfileView.swift */; };
		73648FA3C1860C2EC507074D /* LocationManager.swift in Sources */ = {isa = PBXBuildFile; fileRef = FA14B5338C5C33F540967A21 /* LocationManager.swift */; };
		7CAC2DB0FEC283C8EA2160EA /* AppState.swift in Sources */ = {isa = PBXBuildFile; fileRef = 68BA4F09EB1C8E4E34CCC252 /* AppState.swift */; };
		9159CA9BA57F8DDBC1796AFB /* PatchworkUITests.swift in Sources */ = {isa = PBXBuildFile; fileRef = 454489F5E4E29DBC0D7CC1F2 /* PatchworkUITests.swift */; };
		A087AA9759E50A7CDF5F14C3 /* JobDetailView.swift in Sources */ = {isa = PBXBuildFile; fileRef = B2645A99676B08C632ABA998 /* JobDetailView.swift */; };
		AF20EF1813688F062C927AD4 /* ConvexHTTPClient.swift in Sources */ = {isa = PBXBuildFile; fileRef = 424E1D422B80B269FBFD02CD /* ConvexHTTPClient.swift */; };
		B4EECA46483D853DC3E634B3 /* HomeView.swift in Sources */ = {isa = PBXBuildFile; fileRef = F8DDDC0232ADB67B2B6B8632 /* HomeView.swift */; };
		CE06B11AF1A22EC0BB873256 /* JobsView.swift in Sources */ = {isa = PBXBuildFile; fileRef = C2FF7A5790E5506D5EF7226A /* JobsView.swift */; };
		D315EE2D02F5E9528ABE1F6A /* Assets.xcassets in Resources */ = {isa = PBXBuildFile; fileRef = 4858D666E2FE8B480005EB38 /* Assets.xcassets */; };
		DF447B23DF667BD56CABBFE9 /* AuthFlowView.swift in Sources */ = {isa = PBXBuildFile; fileRef = 42589DA5F91E89C032BE5FBD /* AuthFlowView.swift */; };
		E76D48D7D1E11F100092DAA9 /* BrowseView.swift in Sources */ = {isa = PBXBuildFile; fileRef = 799B71728CE9EC43E3F8F00C /* BrowseView.swift */; };
		F4F9C14B56256ABC4229B823 /* RequestWizardView.swift in Sources */ = {isa = PBXBuildFile; fileRef = 42896CA4EB03C831EB8C965B /* RequestWizardView.swift */; };
		F8897AC3264797291BAD224B /* Models.swift in Sources */ = {isa = PBXBuildFile; fileRef = CF104625A9E3F2BC20B0518E /* Models.swift */; };
/* End PBXBuildFile section */

/* Begin PBXContainerItemProxy section */
		34092252214B019DAFC3E9F3 /* PBXContainerItemProxy */ = {
			isa = PBXContainerItemProxy;
			containerPortal = CB4A8DB81E6148DF2E9F4510 /* Project object */;
			proxyType = 1;
			remoteGlobalIDString = 6FC2263C261E412B7E2F41CC;
			remoteInfo = Patchwork;
		};
		3E7CB560C5E0DDE4547DADA0 /* PBXContainerItemProxy */ = {
			isa = PBXContainerItemProxy;
			containerPortal = CB4A8DB81E6148DF2E9F4510 /* Project object */;
			proxyType = 1;
			remoteGlobalIDString = 6FC2263C261E412B7E2F41CC;
			remoteInfo = Patchwork;
		};
/* End PBXContainerItemProxy section */

/* Begin PBXFileReference section */
		09019FECF835A15001917199 /* CategoriesView.swift */ = {isa = PBXFileReference; lastKnownFileType = sourcecode.swift; path = CategoriesView.swift; sourceTree = "<group>"; };
		2279629ECB9CAB1F2D17536B /* PatchworkTests.swift */ = {isa = PBXFileReference; lastKnownFileType = sourcecode.swift; path = PatchworkTests.swift; sourceTree = "<group>"; };
		2A05965A09AF7E5653F37B64 /* PatchworkTests.xctest */ = {isa = PBXFileReference; includeInIndex = 0; lastKnownFileType = wrapper.cfbundle; path = PatchworkTests.xctest; sourceTree = BUILT_PRODUCTS_DIR; };
		424E1D422B80B269FBFD02CD /* ConvexHTTPClient.swift */ = {isa = PBXFileReference; lastKnownFileType = sourcecode.swift; path = ConvexHTTPClient.swift; sourceTree = "<group>"; };
		42589DA5F91E89C032BE5FBD /* AuthFlowView.swift */ = {isa = PBXFileReference; lastKnownFileType = sourcecode.swift; path = AuthFlowView.swift; sourceTree = "<group>"; };
		42896CA4EB03C831EB8C965B /* RequestWizardView.swift */ = {isa = PBXFileReference; lastKnownFileType = sourcecode.swift; path = RequestWizardView.swift; sourceTree = "<group>"; };
		454489F5E4E29DBC0D7CC1F2 /* PatchworkUITests.swift */ = {isa = PBXFileReference; lastKnownFileType = sourcecode.swift; path = PatchworkUITests.swift; sourceTree = "<group>"; };
		4858D666E2FE8B480005EB38 /* Assets.xcassets */ = {isa = PBXFileReference; lastKnownFileType = folder.assetcatalog; path = Assets.xcassets; sourceTree = "<group>"; };
		5F6BFF40E136CB2D9D516ECB /* SessionStore.swift */ = {isa = PBXFileReference; lastKnownFileType = sourcecode.swift; path = SessionStore.swift; sourceTree = "<group>"; };
		68BA4F09EB1C8E4E34CCC252 /* AppState.swift */ = {isa = PBXFileReference; lastKnownFileType = sourcecode.swift; path = AppState.swift; sourceTree = "<group>"; };
		729E33D4E7B681C1ABDBD69A /* RootView.swift */ = {isa = PBXFileReference; lastKnownFileType = sourcecode.swift; path = RootView.swift; sourceTree = "<group>"; };
		799B71728CE9EC43E3F8F00C /* BrowseView.swift */ = {isa = PBXFileReference; lastKnownFileType = sourcecode.swift; path = BrowseView.swift; sourceTree = "<group>"; };
		B2645A99676B08C632ABA998 /* JobDetailView.swift */ = {isa = PBXFileReference; lastKnownFileType = sourcecode.swift; path = JobDetailView.swift; sourceTree = "<group>"; };
		B810AFA2F7D8E281A10001B8 /* ProfileView.swift */ = {isa = PBXFileReference; lastKnownFileType = sourcecode.swift; path = ProfileView.swift; sourceTree = "<group>"; };
		BDF20E73132396D39BDD54F7 /* Patchwork.app */ = {isa = PBXFileReference; includeInIndex = 0; lastKnownFileType = wrapper.application; path = Patchwork.app; sourceTree = BUILT_PRODUCTS_DIR; };
		C2FF7A5790E5506D5EF7226A /* JobsView.swift */ = {isa = PBXFileReference; lastKnownFileType = sourcecode.swift; path = JobsView.swift; sourceTree = "<group>"; };
		CCDAD88D57BEC8C727115A6F /* MessagesView.swift */ = {isa = PBXFileReference; lastKnownFileType = sourcecode.swift; path = MessagesView.swift; sourceTree = "<group>"; };
		CF104625A9E3F2BC20B0518E /* Models.swift */ = {isa = PBXFileReference; lastKnownFileType = sourcecode.swift; path = Models.swift; sourceTree = "<group>"; };
		CFD2BD5E80A7F39881A464BE /* Info.plist */ = {isa = PBXFileReference; lastKnownFileType = text.plist; path = Info.plist; sourceTree = "<group>"; };
		D1BDCE50B380DDF4CDDCF5A3 /* PatchworkUITests.xctest */ = {isa = PBXFileReference; includeInIndex = 0; lastKnownFileType = wrapper.cfbundle; path = PatchworkUITests.xctest; sourceTree = BUILT_PRODUCTS_DIR; };
		D5656FF60AE9B93703C1A1A6 /* PatchworkApp.swift */ = {isa = PBXFileReference; lastKnownFileType = sourcecode.swift; path = PatchworkApp.swift; sourceTree = "<group>"; };
		DC2E0F804448A5611B7946DA /* LeaveReviewView.swift */ = {isa = PBXFileReference; lastKnownFileType = sourcecode.swift; path = LeaveReviewView.swift; sourceTree = "<group>"; };
		E8CE0A5718D2AC6132157B5B /* AppConfig.swift */ = {isa = PBXFileReference; lastKnownFileType = sourcecode.swift; path = AppConfig.swift; sourceTree = "<group>"; };
		F8DDDC0232ADB67B2B6B8632 /* HomeView.swift */ = {isa = PBXFileReference; lastKnownFileType = sourcecode.swift; path = HomeView.swift; sourceTree = "<group>"; };
		FA14B5338C5C33F540967A21 /* LocationManager.swift */ = {isa = PBXFileReference; lastKnownFileType = sourcecode.swift; path = LocationManager.swift; sourceTree = "<group>"; };
/* End PBXFileReference section */

/* Begin PBXGroup section */
		0A33C3EA3C0D8FD2A96B7296 /* Requests */ = {
			isa = PBXGroup;
			children = (
				42896CA4EB03C831EB8C965B /* RequestWizardView.swift */,
			);
			path = Requests;
			sourceTree = "<group>";
		};
		519C93B72D3CD174ABE13197 /* Home */ = {
			isa = PBXGroup;
			children = (
				799B71728CE9EC43E3F8F00C /* BrowseView.swift */,
				09019FECF835A15001917199 /* CategoriesView.swift */,
				F8DDDC0232ADB67B2B6B8632 /* HomeView.swift */,
			);
			path = Home;
			sourceTree = "<group>";
		};
		61BD51C437D3C8EBD32CB189 /* Jobs */ = {
			isa = PBXGroup;
			children = (
				B2645A99676B08C632ABA998 /* JobDetailView.swift */,
				C2FF7A5790E5506D5EF7226A /* JobsView.swift */,
				DC2E0F804448A5611B7946DA /* LeaveReviewView.swift */,
			);
			path = Jobs;
			sourceTree = "<group>";
		};
		64A7478B27F5090FB678ADA8 /* Profile */ = {
			isa = PBXGroup;
			children = (
				B810AFA2F7D8E281A10001B8 /* ProfileView.swift */,
			);
			path = Profile;
			sourceTree = "<group>";
		};
		7B51EEA1BE754CA22ED17604 /* Auth */ = {
			isa = PBXGroup;
			children = (
				42589DA5F91E89C032BE5FBD /* AuthFlowView.swift */,
			);
			path = Auth;
			sourceTree = "<group>";
		};
		8DA894D257C605874758C8D3 /* PatchworkUITests */ = {
			isa = PBXGroup;
			children = (
				454489F5E4E29DBC0D7CC1F2 /* PatchworkUITests.swift */,
			);
			path = PatchworkUITests;
			sourceTree = "<group>";
		};
		95A7FADD0F55CADA06FA6668 /* Patchwork */ = {
			isa = PBXGroup;
			children = (
				4858D666E2FE8B480005EB38 /* Assets.xcassets */,
				CFD2BD5E80A7F39881A464BE /* Info.plist */,
				ACFA925DEF3DB45F1EC044C2 /* App */,
				ABDD269F1001A16D6E6FCA01 /* Core */,
				E4B1688165FAE14F2CD769C0 /* Features */,
			);
			path = Patchwork;
			sourceTree = "<group>";
		};
		9A88F4BFE0152202D1433ACF /* Products */ = {
			isa = PBXGroup;
			children = (
				BDF20E73132396D39BDD54F7 /* Patchwork.app */,
				2A05965A09AF7E5653F37B64 /* PatchworkTests.xctest */,
				D1BDCE50B380DDF4CDDCF5A3 /* PatchworkUITests.xctest */,
			);
			name = Products;
			sourceTree = "<group>";
		};
		9E9DB7AB7650439DF15F9B0B /* PatchworkTests */ = {
			isa = PBXGroup;
			children = (
				2279629ECB9CAB1F2D17536B /* PatchworkTests.swift */,
			);
			path = PatchworkTests;
			sourceTree = "<group>";
		};
		ABDD269F1001A16D6E6FCA01 /* Core */ = {
			isa = PBXGroup;
			children = (
				E8CE0A5718D2AC6132157B5B /* AppConfig.swift */,
				68BA4F09EB1C8E4E34CCC252 /* AppState.swift */,
				424E1D422B80B269FBFD02CD /* ConvexHTTPClient.swift */,
				FA14B5338C5C33F540967A21 /* LocationManager.swift */,
				CF104625A9E3F2BC20B0518E /* Models.swift */,
				5F6BFF40E136CB2D9D516ECB /* SessionStore.swift */,
			);
			path = Core;
			sourceTree = "<group>";
		};
		ACFA925DEF3DB45F1EC044C2 /* App */ = {
			isa = PBXGroup;
			children = (
				D5656FF60AE9B93703C1A1A6 /* PatchworkApp.swift */,
				729E33D4E7B681C1ABDBD69A /* RootView.swift */,
			);
			path = App;
			sourceTree = "<group>";
		};
		BE901AEF2A31157915F1E50A /* Messages */ = {
			isa = PBXGroup;
			children = (
				CCDAD88D57BEC8C727115A6F /* MessagesView.swift */,
			);
			path = Messages;
			sourceTree = "<group>";
		};
		E4B1688165FAE14F2CD769C0 /* Features */ = {
			isa = PBXGroup;
			children = (
				7B51EEA1BE754CA22ED17604 /* Auth */,
				519C93B72D3CD174ABE13197 /* Home */,
				61BD51C437D3C8EBD32CB189 /* Jobs */,
				BE901AEF2A31157915F1E50A /* Messages */,
				64A7478B27F5090FB678ADA8 /* Profile */,
				0A33C3EA3C0D8FD2A96B7296 /* Requests */,
			);
			path = Features;
			sourceTree = "<group>";
		};
		FD415B9AB19D7B27E769085E = {
			isa = PBXGroup;
			children = (
				95A7FADD0F55CADA06FA6668 /* Patchwork */,
				9E9DB7AB7650439DF15F9B0B /* PatchworkTests */,
				8DA894D257C605874758C8D3 /* PatchworkUITests */,
				9A88F4BFE0152202D1433ACF /* Products */,
			);
			sourceTree = "<group>";
		};
/* End PBXGroup section */

/* Begin PBXNativeTarget section */
		6FC2263C261E412B7E2F41CC /* Patchwork */ = {
			isa = PBXNativeTarget;
			buildConfigurationList = 136143BDEACBD853FE87D743 /* Build configuration list for PBXNativeTarget "Patchwork" */;
			buildPhases = (
				3852369F6201BD00F0FF7BA7 /* Sources */,
				85E12E46A56D3A177326B318 /* Resources */,
			);
			buildRules = (
			);
			dependencies = (
			);
			name = Patchwork;
			packageProductDependencies = (
			);
			productName = Patchwork;
			productReference = BDF20E73132396D39BDD54F7 /* Patchwork.app */;
			productType = "com.apple.product-type.application";
		};
		8977A4225AE3FD1CE633B023 /* PatchworkTests */ = {
			isa = PBXNativeTarget;
			buildConfigurationList = 4B1A3AAAEB80662785E94B68 /* Build configuration list for PBXNativeTarget "PatchworkTests" */;
			buildPhases = (
				3D8805722E5B16889C1A577A /* Sources */,
			);
			buildRules = (
			);
			dependencies = (
				CA8CC4284F2C7F46FBACBF29 /* PBXTargetDependency */,
			);
			name = PatchworkTests;
			packageProductDependencies = (
			);
			productName = PatchworkTests;
			productReference = 2A05965A09AF7E5653F37B64 /* PatchworkTests.xctest */;
			productType = "com.apple.product-type.bundle.unit-test";
		};
		A8001EB949FA4D95BB51D730 /* PatchworkUITests */ = {
			isa = PBXNativeTarget;
			buildConfigurationList = BA8B8D76EF212B998C25906C /* Build configuration list for PBXNativeTarget "PatchworkUITests" */;
			buildPhases = (
				FD4EBCC2735BB7932FF0633C /* Sources */,
			);
			buildRules = (
			);
			dependencies = (
				66E162C51E976CA5C63C57A8 /* PBXTargetDependency */,
			);
			name = PatchworkUITests;
			packageProductDependencies = (
			);
			productName = PatchworkUITests;
			productReference = D1BDCE50B380DDF4CDDCF5A3 /* PatchworkUITests.xctest */;
			productType = "com.apple.product-type.bundle.ui-testing";
		};
/* End PBXNativeTarget section */

/* Begin PBXProject section */
		CB4A8DB81E6148DF2E9F4510 /* Project object */ = {
			isa = PBXProject;
			attributes = {
				BuildIndependentTargetsInParallel = YES;
				LastUpgradeCheck = 1430;
				TargetAttributes = {
					8977A4225AE3FD1CE633B023 = {
						TestTargetID = 6FC2263C261E412B7E2F41CC;
					};
					A8001EB949FA4D95BB51D730 = {
						TestTargetID = 6FC2263C261E412B7E2F41CC;
					};
				};
			};
			buildConfigurationList = 0CF4F45FC44D20E9784E7DD4 /* Build configuration list for PBXProject "Patchwork" */;
			compatibilityVersion = "Xcode 14.0";
			developmentRegion = en;
			hasScannedForEncodings = 0;
			knownRegions = (
				Base,
				en,
			);
			mainGroup = FD415B9AB19D7B27E769085E;
			minimizedProjectReferenceProxies = 1;
			preferredProjectObjectVersion = 77;
			projectDirPath = "";
			projectRoot = "";
			targets = (
				6FC2263C261E412B7E2F41CC /* Patchwork */,
				8977A4225AE3FD1CE633B023 /* PatchworkTests */,
				A8001EB949FA4D95BB51D730 /* PatchworkUITests */,
			);
		};
/* End PBXProject section */

/* Begin PBXResourcesBuildPhase section */
		85E12E46A56D3A177326B318 /* Resources */ = {
			isa = PBXResourcesBuildPhase;
			buildActionMask = 2147483647;
			files = (
				D315EE2D02F5E9528ABE1F6A /* Assets.xcassets in Resources */,
			);
			runOnlyForDeploymentPostprocessing = 0;
		};
/* End PBXResourcesBuildPhase section */

/* Begin PBXSourcesBuildPhase section */
		3852369F6201BD00F0FF7BA7 /* Sources */ = {
			isa = PBXSourcesBuildPhase;
			buildActionMask = 2147483647;
			files = (
				12D355FBBE67FA10EADF80CC /* AppConfig.swift in Sources */,
				7CAC2DB0FEC283C8EA2160EA /* AppState.swift in Sources */,
				DF447B23DF667BD56CABBFE9 /* AuthFlowView.swift in Sources */,
				E76D48D7D1E11F100092DAA9 /* BrowseView.swift in Sources */,
				5CD0852875CAECEBF9D9C119 /* CategoriesView.swift in Sources */,
				AF20EF1813688F062C927AD4 /* ConvexHTTPClient.swift in Sources */,
				B4EECA46483D853DC3E634B3 /* HomeView.swift in Sources */,
				A087AA9759E50A7CDF5F14C3 /* JobDetailView.swift in Sources */,
				CE06B11AF1A22EC0BB873256 /* JobsView.swift in Sources */,
				451923C2FFF3664B54840B45 /* LeaveReviewView.swift in Sources */,
				73648FA3C1860C2EC507074D /* LocationManager.swift in Sources */,
				4D0CDF68A14678DF324EA135 /* MessagesView.swift in Sources */,
				F8897AC3264797291BAD224B /* Models.swift in Sources */,
				2EA42A49AC32E9357C962B2B /* PatchworkApp.swift in Sources */,
				62EF7FB4B7937D3B945A379B /* ProfileView.swift in Sources */,
				F4F9C14B56256ABC4229B823 /* RequestWizardView.swift in Sources */,
				48CD452FB3052C6976D36007 /* RootView.swift in Sources */,
				14D68E1CD8350F71E111E6FB /* SessionStore.swift in Sources */,
			);
			runOnlyForDeploymentPostprocessing = 0;
		};
		3D8805722E5B16889C1A577A /* Sources */ = {
			isa = PBXSourcesBuildPhase;
			buildActionMask = 2147483647;
			files = (
				474738E0206B742BBAEAD3B2 /* PatchworkTests.swift in Sources */,
			);
			runOnlyForDeploymentPostprocessing = 0;
		};
		FD4EBCC2735BB7932FF0633C /* Sources */ = {
			isa = PBXSourcesBuildPhase;
			buildActionMask = 2147483647;
			files = (
				9159CA9BA57F8DDBC1796AFB /* PatchworkUITests.swift in Sources */,
			);
			runOnlyForDeploymentPostprocessing = 0;
		};
/* End PBXSourcesBuildPhase section */

/* Begin PBXTargetDependency section */
		66E162C51E976CA5C63C57A8 /* PBXTargetDependency */ = {
			isa = PBXTargetDependency;
			target = 6FC2263C261E412B7E2F41CC /* Patchwork */;
			targetProxy = 3E7CB560C5E0DDE4547DADA0 /* PBXContainerItemProxy */;
		};
		CA8CC4284F2C7F46FBACBF29 /* PBXTargetDependency */ = {
			isa = PBXTargetDependency;
			target = 6FC2263C261E412B7E2F41CC /* Patchwork */;
			targetProxy = 34092252214B019DAFC3E9F3 /* PBXContainerItemProxy */;
		};
/* End PBXTargetDependency section */

/* Begin XCBuildConfiguration section */
		167C5984CEAC03058C6EBE27 /* Release */ = {
			isa = XCBuildConfiguration;
			buildSettings = {
				ALWAYS_SEARCH_USER_PATHS = NO;
				CLANG_ANALYZER_NONNULL = YES;
				CLANG_ANALYZER_NUMBER_OBJECT_CONVERSION = YES_AGGRESSIVE;
				CLANG_CXX_LANGUAGE_STANDARD = "gnu++14";
				CLANG_CXX_LIBRARY = "libc++";
				CLANG_ENABLE_MODULES = YES;
				CLANG_ENABLE_OBJC_ARC = YES;
				CLANG_ENABLE_OBJC_WEAK = YES;
				CLANG_WARN_BLOCK_CAPTURE_AUTORELEASING = YES;
				CLANG_WARN_BOOL_CONVERSION = YES;
				CLANG_WARN_COMMA = YES;
				CLANG_WARN_CONSTANT_CONVERSION = YES;
				CLANG_WARN_DEPRECATED_OBJC_IMPLEMENTATIONS = YES;
				CLANG_WARN_DIRECT_OBJC_ISA_USAGE = YES_ERROR;
				CLANG_WARN_DOCUMENTATION_COMMENTS = YES;
				CLANG_WARN_EMPTY_BODY = YES;
				CLANG_WARN_ENUM_CONVERSION = YES;
				CLANG_WARN_INFINITE_RECURSION = YES;
				CLANG_WARN_INT_CONVERSION = YES;
				CLANG_WARN_NON_LITERAL_NULL_CONVERSION = YES;
				CLANG_WARN_OBJC_IMPLICIT_RETAIN_SELF = YES;
				CLANG_WARN_OBJC_LITERAL_CONVERSION = YES;
				CLANG_WARN_OBJC_ROOT_CLASS = YES_ERROR;
				CLANG_WARN_QUOTED_INCLUDE_IN_FRAMEWORK_HEADER = YES;
				CLANG_WARN_RANGE_LOOP_ANALYSIS = YES;
				CLANG_WARN_STRICT_PROTOTYPES = YES;
				CLANG_WARN_SUSPICIOUS_MOVE = YES;
				CLANG_WARN_UNGUARDED_AVAILABILITY = YES_AGGRESSIVE;
				CLANG_WARN_UNREACHABLE_CODE = YES;
				CLANG_WARN__DUPLICATE_METHOD_MATCH = YES;
				COPY_PHASE_STRIP = NO;
				DEBUG_INFORMATION_FORMAT = "dwarf-with-dsym";
				ENABLE_NS_ASSERTIONS = NO;
				ENABLE_STRICT_OBJC_MSGSEND = YES;
				GCC_C_LANGUAGE_STANDARD = gnu11;
				GCC_NO_COMMON_BLOCKS = YES;
				GCC_WARN_64_TO_32_BIT_CONVERSION = YES;
				GCC_WARN_ABOUT_RETURN_TYPE = YES_ERROR;
				GCC_WARN_UNDECLARED_SELECTOR = YES;
				GCC_WARN_UNINITIALIZED_AUTOS = YES_AGGRESSIVE;
				GCC_WARN_UNUSED_FUNCTION = YES;
				GCC_WARN_UNUSED_VARIABLE = YES;
				IPHONEOS_DEPLOYMENT_TARGET = 17.0;
				MTL_ENABLE_DEBUG_INFO = NO;
				MTL_FAST_MATH = YES;
				PRODUCT_BUNDLE_IDENTIFIER = ltd.ddga.patchwork;
				PRODUCT_NAME = "$(TARGET_NAME)";
				SDKROOT = iphoneos;
				SWIFT_COMPILATION_MODE = wholemodule;
				SWIFT_OPTIMIZATION_LEVEL = "-O";
				SWIFT_VERSION = 5.10;
			};
			name = Release;
		};
		1F64DE5A3FDFF5FB10FBFDA0 /* Debug */ = {
			isa = XCBuildConfiguration;
			buildSettings = {
				ALWAYS_SEARCH_USER_PATHS = NO;
				CLANG_ANALYZER_NONNULL = YES;
				CLANG_ANALYZER_NUMBER_OBJECT_CONVERSION = YES_AGGRESSIVE;
				CLANG_CXX_LANGUAGE_STANDARD = "gnu++14";
				CLANG_CXX_LIBRARY = "libc++";
				CLANG_ENABLE_MODULES = YES;
				CLANG_ENABLE_OBJC_ARC = YES;
				CLANG_ENABLE_OBJC_WEAK = YES;
				CLANG_WARN_BLOCK_CAPTURE_AUTORELEASING = YES;
				CLANG_WARN_BOOL_CONVERSION = YES;
				CLANG_WARN_COMMA = YES;
				CLANG_WARN_CONSTANT_CONVERSION = YES;
				CLANG_WARN_DEPRECATED_OBJC_IMPLEMENTATIONS = YES;
				CLANG_WARN_DIRECT_OBJC_ISA_USAGE = YES_ERROR;
				CLANG_WARN_DOCUMENTATION_COMMENTS = YES;
				CLANG_WARN_EMPTY_BODY = YES;
				CLANG_WARN_ENUM_CONVERSION = YES;
				CLANG_WARN_INFINITE_RECURSION = YES;
				CLANG_WARN_INT_CONVERSION = YES;
				CLANG_WARN_NON_LITERAL_NULL_CONVERSION = YES;
				CLANG_WARN_OBJC_IMPLICIT_RETAIN_SELF = YES;
				CLANG_WARN_OBJC_LITERAL_CONVERSION = YES;
				CLANG_WARN_OBJC_ROOT_CLASS = YES_ERROR;
				CLANG_WARN_QUOTED_INCLUDE_IN_FRAMEWORK_HEADER = YES;
				CLANG_WARN_RANGE_LOOP_ANALYSIS = YES;
				CLANG_WARN_STRICT_PROTOTYPES = YES;
				CLANG_WARN_SUSPICIOUS_MOVE = YES;
				CLANG_WARN_UNGUARDED_AVAILABILITY = YES_AGGRESSIVE;
				CLANG_WARN_UNREACHABLE_CODE = YES;
				CLANG_WARN__DUPLICATE_METHOD_MATCH = YES;
				COPY_PHASE_STRIP = NO;
				DEBUG_INFORMATION_FORMAT = dwarf;
				ENABLE_STRICT_OBJC_MSGSEND = YES;
				ENABLE_TESTABILITY = YES;
				GCC_C_LANGUAGE_STANDARD = gnu11;
				GCC_DYNAMIC_NO_PIC = NO;
				GCC_NO_COMMON_BLOCKS = YES;
				GCC_OPTIMIZATION_LEVEL = 0;
				GCC_PREPROCESSOR_DEFINITIONS = (
					"$(inherited)",
					"DEBUG=1",
				);
				GCC_WARN_64_TO_32_BIT_CONVERSION = YES;
				GCC_WARN_ABOUT_RETURN_TYPE = YES_ERROR;
				GCC_WARN_UNDECLARED_SELECTOR = YES;
				GCC_WARN_UNINITIALIZED_AUTOS = YES_AGGRESSIVE;
				GCC_WARN_UNUSED_FUNCTION = YES;
				GCC_WARN_UNUSED_VARIABLE = YES;
				IPHONEOS_DEPLOYMENT_TARGET = 17.0;
				MTL_ENABLE_DEBUG_INFO = INCLUDE_SOURCE;
				MTL_FAST_MATH = YES;
				ONLY_ACTIVE_ARCH = YES;
				PRODUCT_BUNDLE_IDENTIFIER = ltd.ddga.patchwork;
				PRODUCT_NAME = "$(TARGET_NAME)";
				SDKROOT = iphoneos;
				SWIFT_ACTIVE_COMPILATION_CONDITIONS = DEBUG;
				SWIFT_OPTIMIZATION_LEVEL = "-Onone";
				SWIFT_VERSION = 5.10;
			};
			name = Debug;
		};
		60AF5A41B0A6D976EBB1A50D /* Debug */ = {
			isa = XCBuildConfiguration;
			buildSettings = {
				ASSETCATALOG_COMPILER_APPICON_NAME = AppIcon;
				ASSETCATALOG_COMPILER_GLOBAL_ACCENT_COLOR_NAME = AccentColor;
				CODE_SIGN_IDENTITY = "iPhone Developer";
				CURRENT_PROJECT_VERSION = 2;
				GENERATE_INFOPLIST_FILE = NO;
				INFOPLIST_FILE = Patchwork/Info.plist;
				INFOPLIST_KEY_CFBundleIconName = AppIcon;
				INFOPLIST_KEY_UIApplicationSceneManifest_Generation = YES;
				INFOPLIST_KEY_UIApplicationSupportsIndirectInputEvents = YES;
				INFOPLIST_KEY_UILaunchScreen_Generation = YES;
				INFOPLIST_KEY_UISupportedInterfaceOrientations_iPad = "UIInterfaceOrientationPortrait UIInterfaceOrientationPortraitUpsideDown UIInterfaceOrientationLandscapeLeft UIInterfaceOrientationLandscapeRight";
				INFOPLIST_KEY_UISupportedInterfaceOrientations_iPhone = "UIInterfaceOrientationPortrait UIInterfaceOrientationLandscapeLeft UIInterfaceOrientationLandscapeRight";
				IPHONEOS_DEPLOYMENT_TARGET = 17.0;
				LD_RUNPATH_SEARCH_PATHS = (
					"$(inherited)",
					"@executable_path/Frameworks",
				);
				MARKETING_VERSION = 3.2;
				PRODUCT_NAME = Patchwork;
				SDKROOT = iphoneos;
				TARGETED_DEVICE_FAMILY = "1,2";
			};
			name = Debug;
		};
		70E04F67C6A0C511362320B9 /* Release */ = {
			isa = XCBuildConfiguration;
			buildSettings = {
				BUNDLE_LOADER = "$(TEST_HOST)";
				GENERATE_INFOPLIST_FILE = YES;
				IPHONEOS_DEPLOYMENT_TARGET = 17.0;
				LD_RUNPATH_SEARCH_PATHS = (
					"$(inherited)",
					"@executable_path/Frameworks",
					"@loader_path/Frameworks",
				);
				PRODUCT_BUNDLE_IDENTIFIER = ltd.ddga.patchwork.uitests;
				SDKROOT = iphoneos;
				TARGETED_DEVICE_FAMILY = "1,2";
				TEST_TARGET_NAME = Patchwork;
			};
			name = Release;
		};
		78998EB91D93D51A1A593218 /* Debug */ = {
			isa = XCBuildConfiguration;
			buildSettings = {
				BUNDLE_LOADER = "$(TEST_HOST)";
				GENERATE_INFOPLIST_FILE = YES;
				IPHONEOS_DEPLOYMENT_TARGET = 17.0;
				LD_RUNPATH_SEARCH_PATHS = (
					"$(inherited)",
					"@executable_path/Frameworks",
					"@loader_path/Frameworks",
				);
				PRODUCT_BUNDLE_IDENTIFIER = ltd.ddga.patchwork.tests;
				SDKROOT = iphoneos;
				TARGETED_DEVICE_FAMILY = "1,2";
				TEST_HOST = "$(BUILT_PRODUCTS_DIR)/Patchwork.app/Patchwork";
				TEST_TARGET_NAME = Patchwork;
			};
			name = Debug;
		};
		9128C0FC2078D0103B762D7F /* Release */ = {
			isa = XCBuildConfiguration;
			buildSettings = {
				BUNDLE_LOADER = "$(TEST_HOST)";
				GENERATE_INFOPLIST_FILE = YES;
				IPHONEOS_DEPLOYMENT_TARGET = 17.0;
				LD_RUNPATH_SEARCH_PATHS = (
					"$(inherited)",
					"@executable_path/Frameworks",
					"@loader_path/Frameworks",
				);
				PRODUCT_BUNDLE_IDENTIFIER = ltd.ddga.patchwork.tests;
				SDKROOT = iphoneos;
				TARGETED_DEVICE_FAMILY = "1,2";
				TEST_HOST = "$(BUILT_PRODUCTS_DIR)/Patchwork.app/Patchwork";
				TEST_TARGET_NAME = Patchwork;
			};
			name = Release;
		};
		CC3E159E32A64D5E480F01B6 /* Release */ = {
			isa = XCBuildConfiguration;
			buildSettings = {
				ASSETCATALOG_COMPILER_APPICON_NAME = AppIcon;
				ASSETCATALOG_COMPILER_GLOBAL_ACCENT_COLOR_NAME = AccentColor;
				CODE_SIGN_IDENTITY = "iPhone Developer";
				CURRENT_PROJECT_VERSION = 2;
				GENERATE_INFOPLIST_FILE = NO;
				INFOPLIST_FILE = Patchwork/Info.plist;
				INFOPLIST_KEY_CFBundleIconName = AppIcon;
				INFOPLIST_KEY_UIApplicationSceneManifest_Generation = YES;
				INFOPLIST_KEY_UIApplicationSupportsIndirectInputEvents = YES;
				INFOPLIST_KEY_UILaunchScreen_Generation = YES;
				INFOPLIST_KEY_UISupportedInterfaceOrientations_iPad = "UIInterfaceOrientationPortrait UIInterfaceOrientationPortraitUpsideDown UIInterfaceOrientationLandscapeLeft UIInterfaceOrientationLandscapeRight";
				INFOPLIST_KEY_UISupportedInterfaceOrientations_iPhone = "UIInterfaceOrientationPortrait UIInterfaceOrientationLandscapeLeft UIInterfaceOrientationLandscapeRight";
				IPHONEOS_DEPLOYMENT_TARGET = 17.0;
				LD_RUNPATH_SEARCH_PATHS = (
					"$(inherited)",
					"@executable_path/Frameworks",
				);
				MARKETING_VERSION = 3.2;
				PRODUCT_NAME = Patchwork;
				SDKROOT = iphoneos;
				TARGETED_DEVICE_FAMILY = "1,2";
			};
			name = Release;
		};
		FA0D3701672155C0B7FA0B57 /* Debug */ = {
			isa = XCBuildConfiguration;
			buildSettings = {
				BUNDLE_LOADER = "$(TEST_HOST)";
				GENERATE_INFOPLIST_FILE = YES;
				IPHONEOS_DEPLOYMENT_TARGET = 17.0;
				LD_RUNPATH_SEARCH_PATHS = (
					"$(inherited)",
					"@executable_path/Frameworks",
					"@loader_path/Frameworks",
				);
				PRODUCT_BUNDLE_IDENTIFIER = ltd.ddga.patchwork.uitests;
				SDKROOT = iphoneos;
				TARGETED_DEVICE_FAMILY = "1,2";
				TEST_TARGET_NAME = Patchwork;
			};
			name = Debug;
		};
/* End XCBuildConfiguration section */

/* Begin XCConfigurationList section */
		0CF4F45FC44D20E9784E7DD4 /* Build configuration list for PBXProject "Patchwork" */ = {
			isa = XCConfigurationList;
			buildConfigurations = (
				1F64DE5A3FDFF5FB10FBFDA0 /* Debug */,
				167C5984CEAC03058C6EBE27 /* Release */,
			);
			defaultConfigurationIsVisible = 0;
			defaultConfigurationName = Debug;
		};
		136143BDEACBD853FE87D743 /* Build configuration list for PBXNativeTarget "Patchwork" */ = {
			isa = XCConfigurationList;
			buildConfigurations = (
				60AF5A41B0A6D976EBB1A50D /* Debug */,
				CC3E159E32A64D5E480F01B6 /* Release */,
			);
			defaultConfigurationIsVisible = 0;
			defaultConfigurationName = Debug;
		};
		4B1A3AAAEB80662785E94B68 /* Build configuration list for PBXNativeTarget "PatchworkTests" */ = {
			isa = XCConfigurationList;
			buildConfigurations = (
				78998EB91D93D51A1A593218 /* Debug */,
				9128C0FC2078D0103B762D7F /* Release */,
			);
			defaultConfigurationIsVisible = 0;
			defaultConfigurationName = Debug;
		};
		BA8B8D76EF212B998C25906C /* Build configuration list for PBXNativeTarget "PatchworkUITests" */ = {
			isa = XCConfigurationList;
			buildConfigurations = (
				FA0D3701672155C0B7FA0B57 /* Debug */,
				70E04F67C6A0C511362320B9 /* Release */,
			);
			defaultConfigurationIsVisible = 0;
			defaultConfigurationName = Debug;
		};
/* End XCConfigurationList section */
	};
	rootObject = CB4A8DB81E6148DF2E9F4510 /* Project object */;
}
