// !$*UTF8*$!
{
	archiveVersion = 1;
	classes = {
	};
	objectVersion = 77;
	objects = {

/* Begin PBXBuildFile section */
		081259B88E7B10011383049D /* PatchworkImageCache.swift in Sources */ = {isa = PBXBuildFile; fileRef = 462A06CD10C97D0CA4452384 /* PatchworkImageCache.swift */; };
		12D355FBBE67FA10EADF80CC /* AppConfig.swift in Sources */ = {isa = PBXBuildFile; fileRef = E8CE0A5718D2AC6132157B5B /* AppConfig.swift */; };
		14D68E1CD8350F71E111E6FB /* SessionStore.swift in Sources */ = {isa = PBXBuildFile; fileRef = 5F6BFF40E136CB2D9D516ECB /* SessionStore.swift */; };
		26C0996646021CA4D7C2EACA /* ProfileSupportViews.swift in Sources */ = {isa = PBXBuildFile; fileRef = 2A66478F5B38BB6151ADD41C /* ProfileSupportViews.swift */; };
		2EA42A49AC32E9357C962B2B /* PatchworkApp.swift in Sources */ = {isa = PBXBuildFile; fileRef = D5656FF60AE9B93703C1A1A6 /* PatchworkApp.swift */; };
		312F9173C4F6CC21416796BE /* ProfileAccountSection.swift in Sources */ = {isa = PBXBuildFile; fileRef = EDC10889102120ED488E30D8 /* ProfileAccountSection.swift */; };
		31B520AE9D72581733D959B1 /* SubscriptionReconciliationTests.swift in Sources */ = {isa = PBXBuildFile; fileRef = B90C5197B927D191D7C3A296 /* SubscriptionReconciliationTests.swift */; };
		3F3BF22D0E9B935CD4FE040F /* TaskerPaywallArtworkView.swift in Sources */ = {isa = PBXBuildFile; fileRef = C3FF35620B9B6C5B749A03AB /* TaskerPaywallArtworkView.swift */; };
		451923C2FFF3664B54840B45 /* LeaveReviewView.swift in Sources */ = {isa = PBXBuildFile; fileRef = DC2E0F804448A5611B7946DA /* LeaveReviewView.swift */; };
		466DF59B65C572F961448DC5 /* SubscriptionFeedbackMessage.swift in Sources */ = {isa = PBXBuildFile; fileRef = 2EFCFC8116749B205BC1EDF8 /* SubscriptionFeedbackMessage.swift */; };
		46FE6F0EDB9BDD85BCBCE67A /* ConvexMobile in Frameworks */ = {isa = PBXBuildFile; productRef = 1ED565BFCFE5A76AE2073FAC /* ConvexMobile */; };
		474738E0206B742BBAEAD3B2 /* PatchworkTests.swift in Sources */ = {isa = PBXBuildFile; fileRef = 2279629ECB9CAB1F2D17536B /* PatchworkTests.swift */; };
		48CD452FB3052C6976D36007 /* RootView.swift in Sources */ = {isa = PBXBuildFile; fileRef = 729E33D4E7B681C1ABDBD69A /* RootView.swift */; };
		4D0CDF68A14678DF324EA135 /* MessagesView.swift in Sources */ = {isa = PBXBuildFile; fileRef = CCDAD88D57BEC8C727115A6F /* MessagesView.swift */; };
		564B737D2E7437747205E99D /* PatchworkRemoteImage.swift in Sources */ = {isa = PBXBuildFile; fileRef = B6CA4515A711E82E5DF211EF /* PatchworkRemoteImage.swift */; };
		588A7F67A90BF95EC963D2FA /* PatchworkPhotoFlow.swift in Sources */ = {isa = PBXBuildFile; fileRef = 506758267AC6069C7C563862 /* PatchworkPhotoFlow.swift */; };
		5CD0852875CAECEBF9D9C119 /* CategoriesView.swift in Sources */ = {isa = PBXBuildFile; fileRef = 09019FECF835A15001917199 /* CategoriesView.swift */; };
		607AB8F7707AD6EE1662A1CE /* SubscriptionReconciliation.swift in Sources */ = {isa = PBXBuildFile; fileRef = D7BC3B531AA5A8B6CDABF40E /* SubscriptionReconciliation.swift */; };
		62EF7FB4B7937D3B945A379B /* ProfileView.swift in Sources */ = {isa = PBXBuildFile; fileRef = B810AFA2F7D8E281A10001B8 /* ProfileView.swift */; };
		686965AB2374488BE189116A /* ProviderDetailView.swift in Sources */ = {isa = PBXBuildFile; fileRef = A57B242954A6EEEB83B0145B /* ProviderDetailView.swift */; };
		73648FA3C1860C2EC507074D /* LocationManager.swift in Sources */ = {isa = PBXBuildFile; fileRef = FA14B5338C5C33F540967A21 /* LocationManager.swift */; };
		7690CFC8C4A104D87DE6FEA8 /* LocalConversation.swift in Sources */ = {isa = PBXBuildFile; fileRef = 164956A3AA3DC835FF7BB831 /* LocalConversation.swift */; };
		7CAC2DB0FEC283C8EA2160EA /* AppState.swift in Sources */ = {isa = PBXBuildFile; fileRef = 68BA4F09EB1C8E4E34CCC252 /* AppState.swift */; };
		7E2DF4F80C2A23B6773AB1D4 /* PhotoFlowCoordinator.swift in Sources */ = {isa = PBXBuildFile; fileRef = 9480D93A41F4A669700389CF /* PhotoFlowCoordinator.swift */; };
		83F1208A5E038F6909952294 /* ChatLocalStoreTests.swift in Sources */ = {isa = PBXBuildFile; fileRef = 03A568009F99CF7E0BAF5648 /* ChatLocalStoreTests.swift */; };
		85975D230213BC9C835DC615 /* TaskerBillingSheet.swift in Sources */ = {isa = PBXBuildFile; fileRef = EF84246558681E3EED1AF9CC /* TaskerBillingSheet.swift */; };
		8B1F1151EEDA84670EC14304 /* PatchworkAPI.swift in Sources */ = {isa = PBXBuildFile; fileRef = 6C923EC8BCFC5713629B91A7 /* PatchworkAPI.swift */; };
		8EEAEC949437AD9FCCE2FF45 /* ProfileSharedRows.swift in Sources */ = {isa = PBXBuildFile; fileRef = 2A614DA8D45E5A7F5EF31F53 /* ProfileSharedRows.swift */; };
		8F95190A8F0A7942215EBF7B /* ChatLocalStore.swift in Sources */ = {isa = PBXBuildFile; fileRef = B9A51B22A907726DFD906C2C /* ChatLocalStore.swift */; };
		904B5860B537B33D2733A84C /* PatchworkTopBar.swift in Sources */ = {isa = PBXBuildFile; fileRef = 19396F47A320F81FC468DB0C /* PatchworkTopBar.swift */; };
		9159CA9BA57F8DDBC1796AFB /* PatchworkUITests.swift in Sources */ = {isa = PBXBuildFile; fileRef = 454489F5E4E29DBC0D7CC1F2 /* PatchworkUITests.swift */; };
		93A59CCD06D37288237907D6 /* ProfilePanels.swift in Sources */ = {isa = PBXBuildFile; fileRef = E2BAC9730550B4849CDAE391 /* ProfilePanels.swift */; };
		9D5907AF001B9DBD1C689BAA /* PatchworkStateViews.swift in Sources */ = {isa = PBXBuildFile; fileRef = E4B84BEDCD3D7E1F3F2BC95C /* PatchworkStateViews.swift */; };
		A087AA9759E50A7CDF5F14C3 /* JobDetailView.swift in Sources */ = {isa = PBXBuildFile; fileRef = B2645A99676B08C632ABA998 /* JobDetailView.swift */; };
		A70CBB56D3F564CDA575EA44 /* RevenueCatManager.swift in Sources */ = {isa = PBXBuildFile; fileRef = 6FF295505C244A4858E39A5D /* RevenueCatManager.swift */; };
		AED712E0EB69F15230E4CAAF /* PhotoCropJPEGHelperTests.swift in Sources */ = {isa = PBXBuildFile; fileRef = BCAF6CC841BCF10DD1566766 /* PhotoCropJPEGHelperTests.swift */; };
		AF20EF1813688F062C927AD4 /* ConvexHTTPClient.swift in Sources */ = {isa = PBXBuildFile; fileRef = 424E1D422B80B269FBFD02CD /* ConvexHTTPClient.swift */; };
		B4EECA46483D853DC3E634B3 /* HomeView.swift in Sources */ = {isa = PBXBuildFile; fileRef = F8DDDC0232ADB67B2B6B8632 /* HomeView.swift */; };
		B6FCA6DEA07790C039C32177 /* PatchworkInputFieldStyle.swift in Sources */ = {isa = PBXBuildFile; fileRef = 1BBC96B8B11DE94E16DC2A03 /* PatchworkInputFieldStyle.swift */; };
		B9685F2D4D3A9E0AF4FED2A1 /* RealtimeChatClient.swift in Sources */ = {isa = PBXBuildFile; fileRef = B472015566F4B52D4FE965CA /* RealtimeChatClient.swift */; };
		BB89C244E3935780927F7B74 /* ImageAssetInfrastructureTests.swift in Sources */ = {isa = PBXBuildFile; fileRef = 8238FBB1F9B8FD11482807DB /* ImageAssetInfrastructureTests.swift */; };
		BE9959F6B20DEFA898B71792 /* TaskerPaywallOptionCard.swift in Sources */ = {isa = PBXBuildFile; fileRef = 0AF70B3C46EB199403985CDA /* TaskerPaywallOptionCard.swift */; };
		C6DBFCBA574614DBBC3DBE00 /* LocalMessage.swift in Sources */ = {isa = PBXBuildFile; fileRef = C7EFBCD450AB7C1E102F8BA0 /* LocalMessage.swift */; };
		CBDF12E8E71F8CE4E39E3F0F /* ProfileTaskerSection.swift in Sources */ = {isa = PBXBuildFile; fileRef = 5C0CE7572C7A892BA52FE850 /* ProfileTaskerSection.swift */; };
		CE06B11AF1A22EC0BB873256 /* JobsView.swift in Sources */ = {isa = PBXBuildFile; fileRef = C2FF7A5790E5506D5EF7226A /* JobsView.swift */; };
		CEFA0F25083B68F7DF14465B /* PatchworkSectionIntro.swift in Sources */ = {isa = PBXBuildFile; fileRef = 8C8E055F37D7D728F4EBD0C5 /* PatchworkSectionIntro.swift */; };
		D315EE2D02F5E9528ABE1F6A /* Assets.xcassets in Resources */ = {isa = PBXBuildFile; fileRef = 4858D666E2FE8B480005EB38 /* Assets.xcassets */; };
		D60729C5F813CE8E8D1D26FE /* UITheme.swift in Sources */ = {isa = PBXBuildFile; fileRef = 68D08930C048430E82A75FF1 /* UITheme.swift */; };
		D7696C15EE5A69B6740EF839 /* LocationSyncCache.swift in Sources */ = {isa = PBXBuildFile; fileRef = DBD6D5FE7B4FC563B6ED48C3 /* LocationSyncCache.swift */; };
		D8EF20CCEE9A28A3E33F470E /* PatchworkWordmark.swift in Sources */ = {isa = PBXBuildFile; fileRef = 79F283C4FC8552DCD76FCEE8 /* PatchworkWordmark.swift */; };
		DDBFF396C71A390483845E92 /* PatchworkButtonStyles.swift in Sources */ = {isa = PBXBuildFile; fileRef = B4089E6907E1A4CD9D8AD8BA /* PatchworkButtonStyles.swift */; };
		DF447B23DF667BD56CABBFE9 /* AuthFlowView.swift in Sources */ = {isa = PBXBuildFile; fileRef = 42589DA5F91E89C032BE5FBD /* AuthFlowView.swift */; };
		E558EA47096F359FFC164656 /* PhotoFlowCoordinatorTests.swift in Sources */ = {isa = PBXBuildFile; fileRef = 2A728E75749A92D0B48EE44F /* PhotoFlowCoordinatorTests.swift */; };
		EE828ACC0C32E93217216297 /* ImageAssetUploadService.swift in Sources */ = {isa = PBXBuildFile; fileRef = 8067D57CEAF288D6FA31EAF1 /* ImageAssetUploadService.swift */; };
		EFBCC26E20DE468AF021E796 /* PatchworkBackdrop.swift in Sources */ = {isa = PBXBuildFile; fileRef = 7CDFAA0BDFF8EC5AE6285C66 /* PatchworkBackdrop.swift */; };
		F10F7EBA15ED5C0A339C70BD /* PatchworkSurfaceCard.swift in Sources */ = {isa = PBXBuildFile; fileRef = 1D8026593D391EA651E29224 /* PatchworkSurfaceCard.swift */; };
		F713D2AF3260F99F0A8CF19D /* RevenueCat in Frameworks */ = {isa = PBXBuildFile; productRef = A2B6386314D137BE552E1DFA /* RevenueCat */; };
		F7C982C662D84280FCB2D46F /* LocalProposal.swift in Sources */ = {isa = PBXBuildFile; fileRef = D39ADB06147496F5B0126A9C /* LocalProposal.swift */; };
		F8897AC3264797291BAD224B /* Models.swift in Sources */ = {isa = PBXBuildFile; fileRef = CF104625A9E3F2BC20B0518E /* Models.swift */; };
		FAFE4B58A3664CE4D1443EF5 /* PatchworkSheetChrome.swift in Sources */ = {isa = PBXBuildFile; fileRef = 88904BB1028AE6619BC22BC2 /* PatchworkSheetChrome.swift */; };
/* End PBXBuildFile section */

/* Begin PBXContainerItemProxy section */
		34092252214B019DAFC3E9F3 /* PBXContainerItemProxy */ = {
			isa = PBXContainerItemProxy;
			containerPortal = CB4A8DB81E6148DF2E9F4510 /* Project object */;
			proxyType = 1;
			remoteGlobalIDString = 6FC2263C261E412B7E2F41CC;
			remoteInfo = Patchwork;
		};
		3E7CB560C5E0DDE4547DADA0 /* PBXContainerItemProxy */ = {
			isa = PBXContainerItemProxy;
			containerPortal = CB4A8DB81E6148DF2E9F4510 /* Project object */;
			proxyType = 1;
			remoteGlobalIDString = 6FC2263C261E412B7E2F41CC;
			remoteInfo = Patchwork;
		};
/* End PBXContainerItemProxy section */

/* Begin PBXFileReference section */
		03A568009F99CF7E0BAF5648 /* ChatLocalStoreTests.swift */ = {isa = PBXFileReference; lastKnownFileType = sourcecode.swift; path = ChatLocalStoreTests.swift; sourceTree = "<group>"; };
		09019FECF835A15001917199 /* CategoriesView.swift */ = {isa = PBXFileReference; lastKnownFileType = sourcecode.swift; path = CategoriesView.swift; sourceTree = "<group>"; };
		0AF70B3C46EB199403985CDA /* TaskerPaywallOptionCard.swift */ = {isa = PBXFileReference; lastKnownFileType = sourcecode.swift; path = TaskerPaywallOptionCard.swift; sourceTree = "<group>"; };
		164956A3AA3DC835FF7BB831 /* LocalConversation.swift */ = {isa = PBXFileReference; lastKnownFileType = sourcecode.swift; path = LocalConversation.swift; sourceTree = "<group>"; };
		19396F47A320F81FC468DB0C /* PatchworkTopBar.swift */ = {isa = PBXFileReference; lastKnownFileType = sourcecode.swift; path = PatchworkTopBar.swift; sourceTree = "<group>"; };
		1BBC96B8B11DE94E16DC2A03 /* PatchworkInputFieldStyle.swift */ = {isa = PBXFileReference; lastKnownFileType = sourcecode.swift; path = PatchworkInputFieldStyle.swift; sourceTree = "<group>"; };
		1D8026593D391EA651E29224 /* PatchworkSurfaceCard.swift */ = {isa = PBXFileReference; lastKnownFileType = sourcecode.swift; path = PatchworkSurfaceCard.swift; sourceTree = "<group>"; };
		2279629ECB9CAB1F2D17536B /* PatchworkTests.swift */ = {isa = PBXFileReference; lastKnownFileType = sourcecode.swift; path = PatchworkTests.swift; sourceTree = "<group>"; };
		24FED5A166FE685DE6909B7F /* Patchwork.entitlements */ = {isa = PBXFileReference; lastKnownFileType = text.plist.entitlements; path = Patchwork.entitlements; sourceTree = "<group>"; };
		2A05965A09AF7E5653F37B64 /* PatchworkTests.xctest */ = {isa = PBXFileReference; includeInIndex = 0; lastKnownFileType = wrapper.cfbundle; path = PatchworkTests.xctest; sourceTree = BUILT_PRODUCTS_DIR; };
		2A614DA8D45E5A7F5EF31F53 /* ProfileSharedRows.swift */ = {isa = PBXFileReference; lastKnownFileType = sourcecode.swift; path = ProfileSharedRows.swift; sourceTree = "<group>"; };
		2A66478F5B38BB6151ADD41C /* ProfileSupportViews.swift */ = {isa = PBXFileReference; lastKnownFileType = sourcecode.swift; path = ProfileSupportViews.swift; sourceTree = "<group>"; };
		2A728E75749A92D0B48EE44F /* PhotoFlowCoordinatorTests.swift */ = {isa = PBXFileReference; lastKnownFileType = sourcecode.swift; path = PhotoFlowCoordinatorTests.swift; sourceTree = "<group>"; };
		2EFCFC8116749B205BC1EDF8 /* SubscriptionFeedbackMessage.swift */ = {isa = PBXFileReference; lastKnownFileType = sourcecode.swift; path = SubscriptionFeedbackMessage.swift; sourceTree = "<group>"; };
		424E1D422B80B269FBFD02CD /* ConvexHTTPClient.swift */ = {isa = PBXFileReference; lastKnownFileType = sourcecode.swift; path = ConvexHTTPClient.swift; sourceTree = "<group>"; };
		42589DA5F91E89C032BE5FBD /* AuthFlowView.swift */ = {isa = PBXFileReference; lastKnownFileType = sourcecode.swift; path = AuthFlowView.swift; sourceTree = "<group>"; };
		454489F5E4E29DBC0D7CC1F2 /* PatchworkUITests.swift */ = {isa = PBXFileReference; lastKnownFileType = sourcecode.swift; path = PatchworkUITests.swift; sourceTree = "<group>"; };
		462A06CD10C97D0CA4452384 /* PatchworkImageCache.swift */ = {isa = PBXFileReference; lastKnownFileType = sourcecode.swift; path = PatchworkImageCache.swift; sourceTree = "<group>"; };
		4858D666E2FE8B480005EB38 /* Assets.xcassets */ = {isa = PBXFileReference; lastKnownFileType = folder.assetcatalog; path = Assets.xcassets; sourceTree = "<group>"; };
		506758267AC6069C7C563862 /* PatchworkPhotoFlow.swift */ = {isa = PBXFileReference; lastKnownFileType = sourcecode.swift; path = PatchworkPhotoFlow.swift; sourceTree = "<group>"; };
		5C0CE7572C7A892BA52FE850 /* ProfileTaskerSection.swift */ = {isa = PBXFileReference; lastKnownFileType = sourcecode.swift; path = ProfileTaskerSection.swift; sourceTree = "<group>"; };
		5F6BFF40E136CB2D9D516ECB /* SessionStore.swift */ = {isa = PBXFileReference; lastKnownFileType = sourcecode.swift; path = SessionStore.swift; sourceTree = "<group>"; };
		68BA4F09EB1C8E4E34CCC252 /* AppState.swift */ = {isa = PBXFileReference; lastKnownFileType = sourcecode.swift; path = AppState.swift; sourceTree = "<group>"; };
		68D08930C048430E82A75FF1 /* UITheme.swift */ = {isa = PBXFileReference; lastKnownFileType = sourcecode.swift; path = UITheme.swift; sourceTree = "<group>"; };
		6C923EC8BCFC5713629B91A7 /* PatchworkAPI.swift */ = {isa = PBXFileReference; lastKnownFileType = sourcecode.swift; path = PatchworkAPI.swift; sourceTree = "<group>"; };
		6FF295505C244A4858E39A5D /* RevenueCatManager.swift */ = {isa = PBXFileReference; lastKnownFileType = sourcecode.swift; path = RevenueCatManager.swift; sourceTree = "<group>"; };
		729E33D4E7B681C1ABDBD69A /* RootView.swift */ = {isa = PBXFileReference; lastKnownFileType = sourcecode.swift; path = RootView.swift; sourceTree = "<group>"; };
		79F283C4FC8552DCD76FCEE8 /* PatchworkWordmark.swift */ = {isa = PBXFileReference; lastKnownFileType = sourcecode.swift; path = PatchworkWordmark.swift; sourceTree = "<group>"; };
		7CDFAA0BDFF8EC5AE6285C66 /* PatchworkBackdrop.swift */ = {isa = PBXFileReference; lastKnownFileType = sourcecode.swift; path = PatchworkBackdrop.swift; sourceTree = "<group>"; };
		8067D57CEAF288D6FA31EAF1 /* ImageAssetUploadService.swift */ = {isa = PBXFileReference; lastKnownFileType = sourcecode.swift; path = ImageAssetUploadService.swift; sourceTree = "<group>"; };
		8238FBB1F9B8FD11482807DB /* ImageAssetInfrastructureTests.swift */ = {isa = PBXFileReference; lastKnownFileType = sourcecode.swift; path = ImageAssetInfrastructureTests.swift; sourceTree = "<group>"; };
		88904BB1028AE6619BC22BC2 /* PatchworkSheetChrome.swift */ = {isa = PBXFileReference; lastKnownFileType = sourcecode.swift; path = PatchworkSheetChrome.swift; sourceTree = "<group>"; };
		8C8E055F37D7D728F4EBD0C5 /* PatchworkSectionIntro.swift */ = {isa = PBXFileReference; lastKnownFileType = sourcecode.swift; path = PatchworkSectionIntro.swift; sourceTree = "<group>"; };
		9480D93A41F4A669700389CF /* PhotoFlowCoordinator.swift */ = {isa = PBXFileReference; lastKnownFileType = sourcecode.swift; path = PhotoFlowCoordinator.swift; sourceTree = "<group>"; };
		A57B242954A6EEEB83B0145B /* ProviderDetailView.swift */ = {isa = PBXFileReference; lastKnownFileType = sourcecode.swift; path = ProviderDetailView.swift; sourceTree = "<group>"; };
		B2645A99676B08C632ABA998 /* JobDetailView.swift */ = {isa = PBXFileReference; lastKnownFileType = sourcecode.swift; path = JobDetailView.swift; sourceTree = "<group>"; };
		B4089E6907E1A4CD9D8AD8BA /* PatchworkButtonStyles.swift */ = {isa = PBXFileReference; lastKnownFileType = sourcecode.swift; path = PatchworkButtonStyles.swift; sourceTree = "<group>"; };
		B472015566F4B52D4FE965CA /* RealtimeChatClient.swift */ = {isa = PBXFileReference; lastKnownFileType = sourcecode.swift; path = RealtimeChatClient.swift; sourceTree = "<group>"; };
		B6CA4515A711E82E5DF211EF /* PatchworkRemoteImage.swift */ = {isa = PBXFileReference; lastKnownFileType = sourcecode.swift; path = PatchworkRemoteImage.swift; sourceTree = "<group>"; };
		B810AFA2F7D8E281A10001B8 /* ProfileView.swift */ = {isa = PBXFileReference; lastKnownFileType = sourcecode.swift; path = ProfileView.swift; sourceTree = "<group>"; };
		B90C5197B927D191D7C3A296 /* SubscriptionReconciliationTests.swift */ = {isa = PBXFileReference; lastKnownFileType = sourcecode.swift; path = SubscriptionReconciliationTests.swift; sourceTree = "<group>"; };
		B9A51B22A907726DFD906C2C /* ChatLocalStore.swift */ = {isa = PBXFileReference; lastKnownFileType = sourcecode.swift; path = ChatLocalStore.swift; sourceTree = "<group>"; };
		BCAF6CC841BCF10DD1566766 /* PhotoCropJPEGHelperTests.swift */ = {isa = PBXFileReference; lastKnownFileType = sourcecode.swift; path = PhotoCropJPEGHelperTests.swift; sourceTree = "<group>"; };
		BDF20E73132396D39BDD54F7 /* Patchwork.app */ = {isa = PBXFileReference; includeInIndex = 0; lastKnownFileType = wrapper.application; path = Patchwork.app; sourceTree = BUILT_PRODUCTS_DIR; };
		C2FF7A5790E5506D5EF7226A /* JobsView.swift */ = {isa = PBXFileReference; lastKnownFileType = sourcecode.swift; path = JobsView.swift; sourceTree = "<group>"; };
		C3FF35620B9B6C5B749A03AB /* TaskerPaywallArtworkView.swift */ = {isa = PBXFileReference; lastKnownFileType = sourcecode.swift; path = TaskerPaywallArtworkView.swift; sourceTree = "<group>"; };
		C7EFBCD450AB7C1E102F8BA0 /* LocalMessage.swift */ = {isa = PBXFileReference; lastKnownFileType = sourcecode.swift; path = LocalMessage.swift; sourceTree = "<group>"; };
		CCDAD88D57BEC8C727115A6F /* MessagesView.swift */ = {isa = PBXFileReference; lastKnownFileType = sourcecode.swift; path = MessagesView.swift; sourceTree = "<group>"; };
		CF104625A9E3F2BC20B0518E /* Models.swift */ = {isa = PBXFileReference; lastKnownFileType = sourcecode.swift; path = Models.swift; sourceTree = "<group>"; };
		CFD2BD5E80A7F39881A464BE /* Info.plist */ = {isa = PBXFileReference; lastKnownFileType = text.plist; path = Info.plist; sourceTree = "<group>"; };
		D1BDCE50B380DDF4CDDCF5A3 /* PatchworkUITests.xctest */ = {isa = PBXFileReference; includeInIndex = 0; lastKnownFileType = wrapper.cfbundle; path = PatchworkUITests.xctest; sourceTree = BUILT_PRODUCTS_DIR; };
		D39ADB06147496F5B0126A9C /* LocalProposal.swift */ = {isa = PBXFileReference; lastKnownFileType = sourcecode.swift; path = LocalProposal.swift; sourceTree = "<group>"; };
		D5656FF60AE9B93703C1A1A6 /* PatchworkApp.swift */ = {isa = PBXFileReference; lastKnownFileType = sourcecode.swift; path = PatchworkApp.swift; sourceTree = "<group>"; };
		D7BC3B531AA5A8B6CDABF40E /* SubscriptionReconciliation.swift */ = {isa = PBXFileReference; lastKnownFileType = sourcecode.swift; path = SubscriptionReconciliation.swift; sourceTree = "<group>"; };
		DBD6D5FE7B4FC563B6ED48C3 /* LocationSyncCache.swift */ = {isa = PBXFileReference; lastKnownFileType = sourcecode.swift; path = LocationSyncCache.swift; sourceTree = "<group>"; };
		DC2E0F804448A5611B7946DA /* LeaveReviewView.swift */ = {isa = PBXFileReference; lastKnownFileType = sourcecode.swift; path = LeaveReviewView.swift; sourceTree = "<group>"; };
		E2BAC9730550B4849CDAE391 /* ProfilePanels.swift */ = {isa = PBXFileReference; lastKnownFileType = sourcecode.swift; path = ProfilePanels.swift; sourceTree = "<group>"; };
		E4B84BEDCD3D7E1F3F2BC95C /* PatchworkStateViews.swift */ = {isa = PBXFileReference; lastKnownFileType = sourcecode.swift; path = PatchworkStateViews.swift; sourceTree = "<group>"; };
		E8CE0A5718D2AC6132157B5B /* AppConfig.swift */ = {isa = PBXFileReference; lastKnownFileType = sourcecode.swift; path = AppConfig.swift; sourceTree = "<group>"; };
		EDC10889102120ED488E30D8 /* ProfileAccountSection.swift */ = {isa = PBXFileReference; lastKnownFileType = sourcecode.swift; path = ProfileAccountSection.swift; sourceTree = "<group>"; };
		EF84246558681E3EED1AF9CC /* TaskerBillingSheet.swift */ = {isa = PBXFileReference; lastKnownFileType = sourcecode.swift; path = TaskerBillingSheet.swift; sourceTree = "<group>"; };
		F8DDDC0232ADB67B2B6B8632 /* HomeView.swift */ = {isa = PBXFileReference; lastKnownFileType = sourcecode.swift; path = HomeView.swift; sourceTree = "<group>"; };
		FA14B5338C5C33F540967A21 /* LocationManager.swift */ = {isa = PBXFileReference; lastKnownFileType = sourcecode.swift; path = LocationManager.swift; sourceTree = "<group>"; };
/* End PBXFileReference section */

/* Begin PBXFrameworksBuildPhase section */
		245831F7C94313463CA1B6E4 /* Frameworks */ = {
			isa = PBXFrameworksBuildPhase;
			buildActionMask = 2147483647;
			files = (
				F713D2AF3260F99F0A8CF19D /* RevenueCat in Frameworks */,
				46FE6F0EDB9BDD85BCBCE67A /* ConvexMobile in Frameworks */,
			);
			runOnlyForDeploymentPostprocessing = 0;
		};
/* End PBXFrameworksBuildPhase section */

/* Begin PBXGroup section */
		519C93B72D3CD174ABE13197 /* Home */ = {
			isa = PBXGroup;
			children = (
				09019FECF835A15001917199 /* CategoriesView.swift */,
				F8DDDC0232ADB67B2B6B8632 /* HomeView.swift */,
				A57B242954A6EEEB83B0145B /* ProviderDetailView.swift */,
			);
			path = Home;
			sourceTree = "<group>";
		};
		61BD51C437D3C8EBD32CB189 /* Jobs */ = {
			isa = PBXGroup;
			children = (
				B2645A99676B08C632ABA998 /* JobDetailView.swift */,
				C2FF7A5790E5506D5EF7226A /* JobsView.swift */,
				DC2E0F804448A5611B7946DA /* LeaveReviewView.swift */,
			);
			path = Jobs;
			sourceTree = "<group>";
		};
		64A7478B27F5090FB678ADA8 /* Profile */ = {
			isa = PBXGroup;
			children = (
				EDC10889102120ED488E30D8 /* ProfileAccountSection.swift */,
				E2BAC9730550B4849CDAE391 /* ProfilePanels.swift */,
				2A614DA8D45E5A7F5EF31F53 /* ProfileSharedRows.swift */,
				2A66478F5B38BB6151ADD41C /* ProfileSupportViews.swift */,
				5C0CE7572C7A892BA52FE850 /* ProfileTaskerSection.swift */,
				B810AFA2F7D8E281A10001B8 /* ProfileView.swift */,
				BC9A4328C62186CAD5437E18 /* Subscriptions */,
			);
			path = Profile;
			sourceTree = "<group>";
		};
		7B51EEA1BE754CA22ED17604 /* Auth */ = {
			isa = PBXGroup;
			children = (
				42589DA5F91E89C032BE5FBD /* AuthFlowView.swift */,
			);
			path = Auth;
			sourceTree = "<group>";
		};
		8DA894D257C605874758C8D3 /* PatchworkUITests */ = {
			isa = PBXGroup;
			children = (
				454489F5E4E29DBC0D7CC1F2 /* PatchworkUITests.swift */,
			);
			path = PatchworkUITests;
			sourceTree = "<group>";
		};
		95A7FADD0F55CADA06FA6668 /* Patchwork */ = {
			isa = PBXGroup;
			children = (
				4858D666E2FE8B480005EB38 /* Assets.xcassets */,
				CFD2BD5E80A7F39881A464BE /* Info.plist */,
				24FED5A166FE685DE6909B7F /* Patchwork.entitlements */,
				ACFA925DEF3DB45F1EC044C2 /* App */,
				ABDD269F1001A16D6E6FCA01 /* Core */,
				E4B1688165FAE14F2CD769C0 /* Features */,
			);
			path = Patchwork;
			sourceTree = "<group>";
		};
		9677B2ADB59675EB4F05A2C2 /* Photos */ = {
			isa = PBXGroup;
			children = (
				506758267AC6069C7C563862 /* PatchworkPhotoFlow.swift */,
				9480D93A41F4A669700389CF /* PhotoFlowCoordinator.swift */,
			);
			path = Photos;
			sourceTree = "<group>";
		};
		9A88F4BFE0152202D1433ACF /* Products */ = {
			isa = PBXGroup;
			children = (
				BDF20E73132396D39BDD54F7 /* Patchwork.app */,
				2A05965A09AF7E5653F37B64 /* PatchworkTests.xctest */,
				D1BDCE50B380DDF4CDDCF5A3 /* PatchworkUITests.xctest */,
			);
			name = Products;
			sourceTree = "<group>";
		};
		9E9DB7AB7650439DF15F9B0B /* PatchworkTests */ = {
			isa = PBXGroup;
			children = (
				03A568009F99CF7E0BAF5648 /* ChatLocalStoreTests.swift */,
				8238FBB1F9B8FD11482807DB /* ImageAssetInfrastructureTests.swift */,
				2279629ECB9CAB1F2D17536B /* PatchworkTests.swift */,
				BCAF6CC841BCF10DD1566766 /* PhotoCropJPEGHelperTests.swift */,
				2A728E75749A92D0B48EE44F /* PhotoFlowCoordinatorTests.swift */,
				B90C5197B927D191D7C3A296 /* SubscriptionReconciliationTests.swift */,
			);
			path = PatchworkTests;
			sourceTree = "<group>";
		};
		ABDD269F1001A16D6E6FCA01 /* Core */ = {
			isa = PBXGroup;
			children = (
				E8CE0A5718D2AC6132157B5B /* AppConfig.swift */,
				68BA4F09EB1C8E4E34CCC252 /* AppState.swift */,
				B9A51B22A907726DFD906C2C /* ChatLocalStore.swift */,
				424E1D422B80B269FBFD02CD /* ConvexHTTPClient.swift */,
				8067D57CEAF288D6FA31EAF1 /* ImageAssetUploadService.swift */,
				FA14B5338C5C33F540967A21 /* LocationManager.swift */,
				DBD6D5FE7B4FC563B6ED48C3 /* LocationSyncCache.swift */,
				CF104625A9E3F2BC20B0518E /* Models.swift */,
				6C923EC8BCFC5713629B91A7 /* PatchworkAPI.swift */,
				7CDFAA0BDFF8EC5AE6285C66 /* PatchworkBackdrop.swift */,
				B4089E6907E1A4CD9D8AD8BA /* PatchworkButtonStyles.swift */,
				462A06CD10C97D0CA4452384 /* PatchworkImageCache.swift */,
				1BBC96B8B11DE94E16DC2A03 /* PatchworkInputFieldStyle.swift */,
				B6CA4515A711E82E5DF211EF /* PatchworkRemoteImage.swift */,
				8C8E055F37D7D728F4EBD0C5 /* PatchworkSectionIntro.swift */,
				88904BB1028AE6619BC22BC2 /* PatchworkSheetChrome.swift */,
				E4B84BEDCD3D7E1F3F2BC95C /* PatchworkStateViews.swift */,
				1D8026593D391EA651E29224 /* PatchworkSurfaceCard.swift */,
				19396F47A320F81FC468DB0C /* PatchworkTopBar.swift */,
				79F283C4FC8552DCD76FCEE8 /* PatchworkWordmark.swift */,
				B472015566F4B52D4FE965CA /* RealtimeChatClient.swift */,
				6FF295505C244A4858E39A5D /* RevenueCatManager.swift */,
				5F6BFF40E136CB2D9D516ECB /* SessionStore.swift */,
				D7BC3B531AA5A8B6CDABF40E /* SubscriptionReconciliation.swift */,
				68D08930C048430E82A75FF1 /* UITheme.swift */,
			);
			path = Core;
			sourceTree = "<group>";
		};
		ACFA925DEF3DB45F1EC044C2 /* App */ = {
			isa = PBXGroup;
			children = (
				D5656FF60AE9B93703C1A1A6 /* PatchworkApp.swift */,
				729E33D4E7B681C1ABDBD69A /* RootView.swift */,
			);
			path = App;
			sourceTree = "<group>";
		};
		BC9A4328C62186CAD5437E18 /* Subscriptions */ = {
			isa = PBXGroup;
			children = (
				2EFCFC8116749B205BC1EDF8 /* SubscriptionFeedbackMessage.swift */,
				EF84246558681E3EED1AF9CC /* TaskerBillingSheet.swift */,
				C3FF35620B9B6C5B749A03AB /* TaskerPaywallArtworkView.swift */,
				0AF70B3C46EB199403985CDA /* TaskerPaywallOptionCard.swift */,
			);
			path = Subscriptions;
			sourceTree = "<group>";
		};
		BE901AEF2A31157915F1E50A /* Messages */ = {
			isa = PBXGroup;
			children = (
				164956A3AA3DC835FF7BB831 /* LocalConversation.swift */,
				C7EFBCD450AB7C1E102F8BA0 /* LocalMessage.swift */,
				D39ADB06147496F5B0126A9C /* LocalProposal.swift */,
				CCDAD88D57BEC8C727115A6F /* MessagesView.swift */,
			);
			path = Messages;
			sourceTree = "<group>";
		};
		E4B1688165FAE14F2CD769C0 /* Features */ = {
			isa = PBXGroup;
			children = (
				7B51EEA1BE754CA22ED17604 /* Auth */,
				519C93B72D3CD174ABE13197 /* Home */,
				61BD51C437D3C8EBD32CB189 /* Jobs */,
				BE901AEF2A31157915F1E50A /* Messages */,
				9677B2ADB59675EB4F05A2C2 /* Photos */,
				64A7478B27F5090FB678ADA8 /* Profile */,
			);
			path = Features;
			sourceTree = "<group>";
		};
		FD415B9AB19D7B27E769085E = {
			isa = PBXGroup;
			children = (
				95A7FADD0F55CADA06FA6668 /* Patchwork */,
				9E9DB7AB7650439DF15F9B0B /* PatchworkTests */,
				8DA894D257C605874758C8D3 /* PatchworkUITests */,
				9A88F4BFE0152202D1433ACF /* Products */,
			);
			sourceTree = "<group>";
		};
/* End PBXGroup section */

/* Begin PBXNativeTarget section */
		6FC2263C261E412B7E2F41CC /* Patchwork */ = {
			isa = PBXNativeTarget;
			buildConfigurationList = 136143BDEACBD853FE87D743 /* Build configuration list for PBXNativeTarget "Patchwork" */;
			buildPhases = (
				3852369F6201BD00F0FF7BA7 /* Sources */,
				85E12E46A56D3A177326B318 /* Resources */,
				245831F7C94313463CA1B6E4 /* Frameworks */,
			);
			buildRules = (
			);
			dependencies = (
			);
			name = Patchwork;
			packageProductDependencies = (
				A2B6386314D137BE552E1DFA /* RevenueCat */,
				1ED565BFCFE5A76AE2073FAC /* ConvexMobile */,
			);
			productName = Patchwork;
			productReference = BDF20E73132396D39BDD54F7 /* Patchwork.app */;
			productType = "com.apple.product-type.application";
		};
		8977A4225AE3FD1CE633B023 /* PatchworkTests */ = {
			isa = PBXNativeTarget;
			buildConfigurationList = 4B1A3AAAEB80662785E94B68 /* Build configuration list for PBXNativeTarget "PatchworkTests" */;
			buildPhases = (
				3D8805722E5B16889C1A577A /* Sources */,
			);
			buildRules = (
			);
			dependencies = (
				CA8CC4284F2C7F46FBACBF29 /* PBXTargetDependency */,
			);
			name = PatchworkTests;
			packageProductDependencies = (
			);
			productName = PatchworkTests;
			productReference = 2A05965A09AF7E5653F37B64 /* PatchworkTests.xctest */;
			productType = "com.apple.product-type.bundle.unit-test";
		};
		A8001EB949FA4D95BB51D730 /* PatchworkUITests */ = {
			isa = PBXNativeTarget;
			buildConfigurationList = BA8B8D76EF212B998C25906C /* Build configuration list for PBXNativeTarget "PatchworkUITests" */;
			buildPhases = (
				FD4EBCC2735BB7932FF0633C /* Sources */,
			);
			buildRules = (
			);
			dependencies = (
				66E162C51E976CA5C63C57A8 /* PBXTargetDependency */,
			);
			name = PatchworkUITests;
			packageProductDependencies = (
			);
			productName = PatchworkUITests;
			productReference = D1BDCE50B380DDF4CDDCF5A3 /* PatchworkUITests.xctest */;
			productType = "com.apple.product-type.bundle.ui-testing";
		};
/* End PBXNativeTarget section */

/* Begin PBXProject section */
		CB4A8DB81E6148DF2E9F4510 /* Project object */ = {
			isa = PBXProject;
			attributes = {
				BuildIndependentTargetsInParallel = YES;
				LastUpgradeCheck = 1430;
				TargetAttributes = {
					6FC2263C261E412B7E2F41CC = {
						DevelopmentTeam = 6997N97HZD;
						ProvisioningStyle = Automatic;
					};
					8977A4225AE3FD1CE633B023 = {
						DevelopmentTeam = 6997N97HZD;
						ProvisioningStyle = Automatic;
						TestTargetID = 6FC2263C261E412B7E2F41CC;
					};
					A8001EB949FA4D95BB51D730 = {
						DevelopmentTeam = 6997N97HZD;
						ProvisioningStyle = Automatic;
						TestTargetID = 6FC2263C261E412B7E2F41CC;
					};
				};
			};
			buildConfigurationList = 0CF4F45FC44D20E9784E7DD4 /* Build configuration list for PBXProject "Patchwork" */;
			developmentRegion = en;
			hasScannedForEncodings = 0;
			knownRegions = (
				Base,
				en,
			);
			mainGroup = FD415B9AB19D7B27E769085E;
			minimizedProjectReferenceProxies = 1;
			packageReferences = (
				199463F4A8D310C19FFCC9CB /* XCRemoteSwiftPackageReference "convex-swift" */,
				D8C773E7C453FF97259ED827 /* XCRemoteSwiftPackageReference "purchases-ios-spm" */,
			);
			preferredProjectObjectVersion = 77;
			productRefGroup = 9A88F4BFE0152202D1433ACF /* Products */;
			projectDirPath = "";
			projectRoot = "";
			targets = (
				6FC2263C261E412B7E2F41CC /* Patchwork */,
				8977A4225AE3FD1CE633B023 /* PatchworkTests */,
				A8001EB949FA4D95BB51D730 /* PatchworkUITests */,
			);
		};
/* End PBXProject section */

/* Begin PBXResourcesBuildPhase section */
		85E12E46A56D3A177326B318 /* Resources */ = {
			isa = PBXResourcesBuildPhase;
			buildActionMask = 2147483647;
			files = (
				D315EE2D02F5E9528ABE1F6A /* Assets.xcassets in Resources */,
			);
			runOnlyForDeploymentPostprocessing = 0;
		};
/* End PBXResourcesBuildPhase section */

/* Begin PBXSourcesBuildPhase section */
		3852369F6201BD00F0FF7BA7 /* Sources */ = {
			isa = PBXSourcesBuildPhase;
			buildActionMask = 2147483647;
			files = (
				12D355FBBE67FA10EADF80CC /* AppConfig.swift in Sources */,
				7CAC2DB0FEC283C8EA2160EA /* AppState.swift in Sources */,
				DF447B23DF667BD56CABBFE9 /* AuthFlowView.swift in Sources */,
				5CD0852875CAECEBF9D9C119 /* CategoriesView.swift in Sources */,
				8F95190A8F0A7942215EBF7B /* ChatLocalStore.swift in Sources */,
				AF20EF1813688F062C927AD4 /* ConvexHTTPClient.swift in Sources */,
				B4EECA46483D853DC3E634B3 /* HomeView.swift in Sources */,
				EE828ACC0C32E93217216297 /* ImageAssetUploadService.swift in Sources */,
				A087AA9759E50A7CDF5F14C3 /* JobDetailView.swift in Sources */,
				CE06B11AF1A22EC0BB873256 /* JobsView.swift in Sources */,
				451923C2FFF3664B54840B45 /* LeaveReviewView.swift in Sources */,
				7690CFC8C4A104D87DE6FEA8 /* LocalConversation.swift in Sources */,
				C6DBFCBA574614DBBC3DBE00 /* LocalMessage.swift in Sources */,
				F7C982C662D84280FCB2D46F /* LocalProposal.swift in Sources */,
				73648FA3C1860C2EC507074D /* LocationManager.swift in Sources */,
				D7696C15EE5A69B6740EF839 /* LocationSyncCache.swift in Sources */,
				4D0CDF68A14678DF324EA135 /* MessagesView.swift in Sources */,
				F8897AC3264797291BAD224B /* Models.swift in Sources */,
				8B1F1151EEDA84670EC14304 /* PatchworkAPI.swift in Sources */,
				2EA42A49AC32E9357C962B2B /* PatchworkApp.swift in Sources */,
				EFBCC26E20DE468AF021E796 /* PatchworkBackdrop.swift in Sources */,
				DDBFF396C71A390483845E92 /* PatchworkButtonStyles.swift in Sources */,
				081259B88E7B10011383049D /* PatchworkImageCache.swift in Sources */,
				B6FCA6DEA07790C039C32177 /* PatchworkInputFieldStyle.swift in Sources */,
				588A7F67A90BF95EC963D2FA /* PatchworkPhotoFlow.swift in Sources */,
				564B737D2E7437747205E99D /* PatchworkRemoteImage.swift in Sources */,
				CEFA0F25083B68F7DF14465B /* PatchworkSectionIntro.swift in Sources */,
				FAFE4B58A3664CE4D1443EF5 /* PatchworkSheetChrome.swift in Sources */,
				9D5907AF001B9DBD1C689BAA /* PatchworkStateViews.swift in Sources */,
				F10F7EBA15ED5C0A339C70BD /* PatchworkSurfaceCard.swift in Sources */,
				904B5860B537B33D2733A84C /* PatchworkTopBar.swift in Sources */,
				D8EF20CCEE9A28A3E33F470E /* PatchworkWordmark.swift in Sources */,
				7E2DF4F80C2A23B6773AB1D4 /* PhotoFlowCoordinator.swift in Sources */,
				312F9173C4F6CC21416796BE /* ProfileAccountSection.swift in Sources */,
				93A59CCD06D37288237907D6 /* ProfilePanels.swift in Sources */,
				8EEAEC949437AD9FCCE2FF45 /* ProfileSharedRows.swift in Sources */,
				26C0996646021CA4D7C2EACA /* ProfileSupportViews.swift in Sources */,
				CBDF12E8E71F8CE4E39E3F0F /* ProfileTaskerSection.swift in Sources */,
				62EF7FB4B7937D3B945A379B /* ProfileView.swift in Sources */,
				686965AB2374488BE189116A /* ProviderDetailView.swift in Sources */,
				B9685F2D4D3A9E0AF4FED2A1 /* RealtimeChatClient.swift in Sources */,
				A70CBB56D3F564CDA575EA44 /* RevenueCatManager.swift in Sources */,
				48CD452FB3052C6976D36007 /* RootView.swift in Sources */,
				14D68E1CD8350F71E111E6FB /* SessionStore.swift in Sources */,
				466DF59B65C572F961448DC5 /* SubscriptionFeedbackMessage.swift in Sources */,
				607AB8F7707AD6EE1662A1CE /* SubscriptionReconciliation.swift in Sources */,
				85975D230213BC9C835DC615 /* TaskerBillingSheet.swift in Sources */,
				3F3BF22D0E9B935CD4FE040F /* TaskerPaywallArtworkView.swift in Sources */,
				BE9959F6B20DEFA898B71792 /* TaskerPaywallOptionCard.swift in Sources */,
				D60729C5F813CE8E8D1D26FE /* UITheme.swift in Sources */,
			);
			runOnlyForDeploymentPostprocessing = 0;
		};
		3D8805722E5B16889C1A577A /* Sources */ = {
			isa = PBXSourcesBuildPhase;
			buildActionMask = 2147483647;
			files = (
				83F1208A5E038F6909952294 /* ChatLocalStoreTests.swift in Sources */,
				BB89C244E3935780927F7B74 /* ImageAssetInfrastructureTests.swift in Sources */,
				474738E0206B742BBAEAD3B2 /* PatchworkTests.swift in Sources */,
				AED712E0EB69F15230E4CAAF /* PhotoCropJPEGHelperTests.swift in Sources */,
				E558EA47096F359FFC164656 /* PhotoFlowCoordinatorTests.swift in Sources */,
				31B520AE9D72581733D959B1 /* SubscriptionReconciliationTests.swift in Sources */,
			);
			runOnlyForDeploymentPostprocessing = 0;
		};
		FD4EBCC2735BB7932FF0633C /* Sources */ = {
			isa = PBXSourcesBuildPhase;
			buildActionMask = 2147483647;
			files = (
				9159CA9BA57F8DDBC1796AFB /* PatchworkUITests.swift in Sources */,
			);
			runOnlyForDeploymentPostprocessing = 0;
		};
/* End PBXSourcesBuildPhase section */

/* Begin PBXTargetDependency section */
		66E162C51E976CA5C63C57A8 /* PBXTargetDependency */ = {
			isa = PBXTargetDependency;
			target = 6FC2263C261E412B7E2F41CC /* Patchwork */;
			targetProxy = 3E7CB560C5E0DDE4547DADA0 /* PBXContainerItemProxy */;
		};
		CA8CC4284F2C7F46FBACBF29 /* PBXTargetDependency */ = {
			isa = PBXTargetDependency;
			target = 6FC2263C261E412B7E2F41CC /* Patchwork */;
			targetProxy = 34092252214B019DAFC3E9F3 /* PBXContainerItemProxy */;
		};
/* End PBXTargetDependency section */

/* Begin XCBuildConfiguration section */
		167C5984CEAC03058C6EBE27 /* Release */ = {
			isa = XCBuildConfiguration;
			buildSettings = {
				ALWAYS_SEARCH_USER_PATHS = NO;
				CLANG_ANALYZER_NONNULL = YES;
				CLANG_ANALYZER_NUMBER_OBJECT_CONVERSION = YES_AGGRESSIVE;
				CLANG_CXX_LANGUAGE_STANDARD = "gnu++14";
				CLANG_CXX_LIBRARY = "libc++";
				CLANG_ENABLE_MODULES = YES;
				CLANG_ENABLE_OBJC_ARC = YES;
				CLANG_ENABLE_OBJC_WEAK = YES;
				CLANG_WARN_BLOCK_CAPTURE_AUTORELEASING = YES;
				CLANG_WARN_BOOL_CONVERSION = YES;
				CLANG_WARN_COMMA = YES;
				CLANG_WARN_CONSTANT_CONVERSION = YES;
				CLANG_WARN_DEPRECATED_OBJC_IMPLEMENTATIONS = YES;
				CLANG_WARN_DIRECT_OBJC_ISA_USAGE = YES_ERROR;
				CLANG_WARN_DOCUMENTATION_COMMENTS = YES;
				CLANG_WARN_EMPTY_BODY = YES;
				CLANG_WARN_ENUM_CONVERSION = YES;
				CLANG_WARN_INFINITE_RECURSION = YES;
				CLANG_WARN_INT_CONVERSION = YES;
				CLANG_WARN_NON_LITERAL_NULL_CONVERSION = YES;
				CLANG_WARN_OBJC_IMPLICIT_RETAIN_SELF = YES;
				CLANG_WARN_OBJC_LITERAL_CONVERSION = YES;
				CLANG_WARN_OBJC_ROOT_CLASS = YES_ERROR;
				CLANG_WARN_QUOTED_INCLUDE_IN_FRAMEWORK_HEADER = YES;
				CLANG_WARN_RANGE_LOOP_ANALYSIS = YES;
				CLANG_WARN_STRICT_PROTOTYPES = YES;
				CLANG_WARN_SUSPICIOUS_MOVE = YES;
				CLANG_WARN_UNGUARDED_AVAILABILITY = YES_AGGRESSIVE;
				CLANG_WARN_UNREACHABLE_CODE = YES;
				CLANG_WARN__DUPLICATE_METHOD_MATCH = YES;
				CODE_SIGN_STYLE = Automatic;
				COPY_PHASE_STRIP = NO;
				DEBUG_INFORMATION_FORMAT = "dwarf-with-dsym";
				DEVELOPMENT_TEAM = 6997N97HZD;
				ENABLE_NS_ASSERTIONS = NO;
				ENABLE_STRICT_OBJC_MSGSEND = YES;
				GCC_C_LANGUAGE_STANDARD = gnu11;
				GCC_NO_COMMON_BLOCKS = YES;
				GCC_WARN_64_TO_32_BIT_CONVERSION = YES;
				GCC_WARN_ABOUT_RETURN_TYPE = YES_ERROR;
				GCC_WARN_UNDECLARED_SELECTOR = YES;
				GCC_WARN_UNINITIALIZED_AUTOS = YES_AGGRESSIVE;
				GCC_WARN_UNUSED_FUNCTION = YES;
				GCC_WARN_UNUSED_VARIABLE = YES;
				IPHONEOS_DEPLOYMENT_TARGET = 17.0;
				MTL_ENABLE_DEBUG_INFO = NO;
				MTL_FAST_MATH = YES;
				PRODUCT_BUNDLE_IDENTIFIER = ltd.ddga.patchwork;
				PRODUCT_NAME = "$(TARGET_NAME)";
				SDKROOT = iphoneos;
				SWIFT_COMPILATION_MODE = wholemodule;
				SWIFT_OPTIMIZATION_LEVEL = "-O";
				SWIFT_VERSION = 5.10;
			};
			name = Release;
		};
		1F64DE5A3FDFF5FB10FBFDA0 /* Debug */ = {
			isa = XCBuildConfiguration;
			buildSettings = {
				ALWAYS_SEARCH_USER_PATHS = NO;
				CLANG_ANALYZER_NONNULL = YES;
				CLANG_ANALYZER_NUMBER_OBJECT_CONVERSION = YES_AGGRESSIVE;
				CLANG_CXX_LANGUAGE_STANDARD = "gnu++14";
				CLANG_CXX_LIBRARY = "libc++";
				CLANG_ENABLE_MODULES = YES;
				CLANG_ENABLE_OBJC_ARC = YES;
				CLANG_ENABLE_OBJC_WEAK = YES;
				CLANG_WARN_BLOCK_CAPTURE_AUTORELEASING = YES;
				CLANG_WARN_BOOL_CONVERSION = YES;
				CLANG_WARN_COMMA = YES;
				CLANG_WARN_CONSTANT_CONVERSION = YES;
				CLANG_WARN_DEPRECATED_OBJC_IMPLEMENTATIONS = YES;
				CLANG_WARN_DIRECT_OBJC_ISA_USAGE = YES_ERROR;
				CLANG_WARN_DOCUMENTATION_COMMENTS = YES;
				CLANG_WARN_EMPTY_BODY = YES;
				CLANG_WARN_ENUM_CONVERSION = YES;
				CLANG_WARN_INFINITE_RECURSION = YES;
				CLANG_WARN_INT_CONVERSION = YES;
				CLANG_WARN_NON_LITERAL_NULL_CONVERSION = YES;
				CLANG_WARN_OBJC_IMPLICIT_RETAIN_SELF = YES;
				CLANG_WARN_OBJC_LITERAL_CONVERSION = YES;
				CLANG_WARN_OBJC_ROOT_CLASS = YES_ERROR;
				CLANG_WARN_QUOTED_INCLUDE_IN_FRAMEWORK_HEADER = YES;
				CLANG_WARN_RANGE_LOOP_ANALYSIS = YES;
				CLANG_WARN_STRICT_PROTOTYPES = YES;
				CLANG_WARN_SUSPICIOUS_MOVE = YES;
				CLANG_WARN_UNGUARDED_AVAILABILITY = YES_AGGRESSIVE;
				CLANG_WARN_UNREACHABLE_CODE = YES;
				CLANG_WARN__DUPLICATE_METHOD_MATCH = YES;
				CODE_SIGN_STYLE = Automatic;
				COPY_PHASE_STRIP = NO;
				DEBUG_INFORMATION_FORMAT = dwarf;
				DEVELOPMENT_TEAM = 6997N97HZD;
				ENABLE_STRICT_OBJC_MSGSEND = YES;
				ENABLE_TESTABILITY = YES;
				GCC_C_LANGUAGE_STANDARD = gnu11;
				GCC_DYNAMIC_NO_PIC = NO;
				GCC_NO_COMMON_BLOCKS = YES;
				GCC_OPTIMIZATION_LEVEL = 0;
				GCC_PREPROCESSOR_DEFINITIONS = (
					"$(inherited)",
					"DEBUG=1",
				);
				GCC_WARN_64_TO_32_BIT_CONVERSION = YES;
				GCC_WARN_ABOUT_RETURN_TYPE = YES_ERROR;
				GCC_WARN_UNDECLARED_SELECTOR = YES;
				GCC_WARN_UNINITIALIZED_AUTOS = YES_AGGRESSIVE;
				GCC_WARN_UNUSED_FUNCTION = YES;
				GCC_WARN_UNUSED_VARIABLE = YES;
				IPHONEOS_DEPLOYMENT_TARGET = 17.0;
				MTL_ENABLE_DEBUG_INFO = INCLUDE_SOURCE;
				MTL_FAST_MATH = YES;
				ONLY_ACTIVE_ARCH = YES;
				PRODUCT_BUNDLE_IDENTIFIER = ltd.ddga.patchwork;
				PRODUCT_NAME = "$(TARGET_NAME)";
				SDKROOT = iphoneos;
				SWIFT_ACTIVE_COMPILATION_CONDITIONS = DEBUG;
				SWIFT_OPTIMIZATION_LEVEL = "-Onone";
				SWIFT_VERSION = 5.10;
			};
			name = Debug;
		};
		60AF5A41B0A6D976EBB1A50D /* Debug */ = {
			isa = XCBuildConfiguration;
			buildSettings = {
				APS_ENVIRONMENT = development;
				ASSETCATALOG_COMPILER_APPICON_NAME = AppIcon;
				ASSETCATALOG_COMPILER_GLOBAL_ACCENT_COLOR_NAME = AccentColor;
				CODE_SIGN_ENTITLEMENTS = Patchwork/Patchwork.entitlements;
				CODE_SIGN_IDENTITY = "iPhone Developer";
				CURRENT_PROJECT_VERSION = 60;
				GENERATE_INFOPLIST_FILE = NO;
				INFOPLIST_FILE = Patchwork/Info.plist;
				INFOPLIST_KEY_CFBundleIconName = AppIcon;
				INFOPLIST_KEY_UIApplicationSceneManifest_Generation = YES;
				INFOPLIST_KEY_UIApplicationSupportsIndirectInputEvents = YES;
				INFOPLIST_KEY_UILaunchScreen_Generation = YES;
				INFOPLIST_KEY_UISupportedInterfaceOrientations_iPad = "UIInterfaceOrientationPortrait UIInterfaceOrientationPortraitUpsideDown UIInterfaceOrientationLandscapeLeft UIInterfaceOrientationLandscapeRight";
				INFOPLIST_KEY_UISupportedInterfaceOrientations_iPhone = "UIInterfaceOrientationPortrait UIInterfaceOrientationLandscapeLeft UIInterfaceOrientationLandscapeRight";
				IPHONEOS_DEPLOYMENT_TARGET = 17.0;
				LD_RUNPATH_SEARCH_PATHS = (
					"$(inherited)",
					"@executable_path/Frameworks",
				);
				MARKETING_VERSION = 3.2;
				PRODUCT_NAME = Patchwork;
				SDKROOT = iphoneos;
				TARGETED_DEVICE_FAMILY = "1,2";
			};
			name = Debug;
		};
		70E04F67C6A0C511362320B9 /* Release */ = {
			isa = XCBuildConfiguration;
			buildSettings = {
				BUNDLE_LOADER = "$(TEST_HOST)";
				GENERATE_INFOPLIST_FILE = YES;
				IPHONEOS_DEPLOYMENT_TARGET = 17.0;
				LD_RUNPATH_SEARCH_PATHS = (
					"$(inherited)",
					"@executable_path/Frameworks",
					"@loader_path/Frameworks",
				);
				PRODUCT_BUNDLE_IDENTIFIER = ltd.ddga.patchwork.uitests;
				SDKROOT = iphoneos;
				TARGETED_DEVICE_FAMILY = "1,2";
				TEST_TARGET_NAME = Patchwork;
			};
			name = Release;
		};
		78998EB91D93D51A1A593218 /* Debug */ = {
			isa = XCBuildConfiguration;
			buildSettings = {
				BUNDLE_LOADER = "$(TEST_HOST)";
				GENERATE_INFOPLIST_FILE = YES;
				IPHONEOS_DEPLOYMENT_TARGET = 17.0;
				LD_RUNPATH_SEARCH_PATHS = (
					"$(inherited)",
					"@executable_path/Frameworks",
					"@loader_path/Frameworks",
				);
				PRODUCT_BUNDLE_IDENTIFIER = ltd.ddga.patchwork.tests;
				SDKROOT = iphoneos;
				TARGETED_DEVICE_FAMILY = "1,2";
				TEST_HOST = "$(BUILT_PRODUCTS_DIR)/Patchwork.app/Patchwork";
				TEST_TARGET_NAME = Patchwork;
			};
			name = Debug;
		};
		9128C0FC2078D0103B762D7F /* Release */ = {
			isa = XCBuildConfiguration;
			buildSettings = {
				BUNDLE_LOADER = "$(TEST_HOST)";
				GENERATE_INFOPLIST_FILE = YES;
				IPHONEOS_DEPLOYMENT_TARGET = 17.0;
				LD_RUNPATH_SEARCH_PATHS = (
					"$(inherited)",
					"@executable_path/Frameworks",
					"@loader_path/Frameworks",
				);
				PRODUCT_BUNDLE_IDENTIFIER = ltd.ddga.patchwork.tests;
				SDKROOT = iphoneos;
				TARGETED_DEVICE_FAMILY = "1,2";
				TEST_HOST = "$(BUILT_PRODUCTS_DIR)/Patchwork.app/Patchwork";
				TEST_TARGET_NAME = Patchwork;
			};
			name = Release;
		};
		CC3E159E32A64D5E480F01B6 /* Release */ = {
			isa = XCBuildConfiguration;
			buildSettings = {
				APS_ENVIRONMENT = production;
				ASSETCATALOG_COMPILER_APPICON_NAME = AppIcon;
				ASSETCATALOG_COMPILER_GLOBAL_ACCENT_COLOR_NAME = AccentColor;
				CODE_SIGN_ENTITLEMENTS = Patchwork/Patchwork.entitlements;
				CODE_SIGN_IDENTITY = "iPhone Developer";
				CURRENT_PROJECT_VERSION = 60;
				GENERATE_INFOPLIST_FILE = NO;
				INFOPLIST_FILE = Patchwork/Info.plist;
				INFOPLIST_KEY_CFBundleIconName = AppIcon;
				INFOPLIST_KEY_UIApplicationSceneManifest_Generation = YES;
				INFOPLIST_KEY_UIApplicationSupportsIndirectInputEvents = YES;
				INFOPLIST_KEY_UILaunchScreen_Generation = YES;
				INFOPLIST_KEY_UISupportedInterfaceOrientations_iPad = "UIInterfaceOrientationPortrait UIInterfaceOrientationPortraitUpsideDown UIInterfaceOrientationLandscapeLeft UIInterfaceOrientationLandscapeRight";
				INFOPLIST_KEY_UISupportedInterfaceOrientations_iPhone = "UIInterfaceOrientationPortrait UIInterfaceOrientationLandscapeLeft UIInterfaceOrientationLandscapeRight";
				IPHONEOS_DEPLOYMENT_TARGET = 17.0;
				LD_RUNPATH_SEARCH_PATHS = (
					"$(inherited)",
					"@executable_path/Frameworks",
				);
				MARKETING_VERSION = 3.2;
				PRODUCT_NAME = Patchwork;
				SDKROOT = iphoneos;
				TARGETED_DEVICE_FAMILY = "1,2";
			};
			name = Release;
		};
		FA0D3701672155C0B7FA0B57 /* Debug */ = {
			isa = XCBuildConfiguration;
			buildSettings = {
				BUNDLE_LOADER = "$(TEST_HOST)";
				GENERATE_INFOPLIST_FILE = YES;
				IPHONEOS_DEPLOYMENT_TARGET = 17.0;
				LD_RUNPATH_SEARCH_PATHS = (
					"$(inherited)",
					"@executable_path/Frameworks",
					"@loader_path/Frameworks",
				);
				PRODUCT_BUNDLE_IDENTIFIER = ltd.ddga.patchwork.uitests;
				SDKROOT = iphoneos;
				TARGETED_DEVICE_FAMILY = "1,2";
				TEST_TARGET_NAME = Patchwork;
			};
			name = Debug;
		};
/* End XCBuildConfiguration section */

/* Begin XCConfigurationList section */
		0CF4F45FC44D20E9784E7DD4 /* Build configuration list for PBXProject "Patchwork" */ = {
			isa = XCConfigurationList;
			buildConfigurations = (
				1F64DE5A3FDFF5FB10FBFDA0 /* Debug */,
				167C5984CEAC03058C6EBE27 /* Release */,
			);
			defaultConfigurationIsVisible = 0;
			defaultConfigurationName = Debug;
		};
		136143BDEACBD853FE87D743 /* Build configuration list for PBXNativeTarget "Patchwork" */ = {
			isa = XCConfigurationList;
			buildConfigurations = (
				60AF5A41B0A6D976EBB1A50D /* Debug */,
				CC3E159E32A64D5E480F01B6 /* Release */,
			);
			defaultConfigurationIsVisible = 0;
			defaultConfigurationName = Debug;
		};
		4B1A3AAAEB80662785E94B68 /* Build configuration list for PBXNativeTarget "PatchworkTests" */ = {
			isa = XCConfigurationList;
			buildConfigurations = (
				78998EB91D93D51A1A593218 /* Debug */,
				9128C0FC2078D0103B762D7F /* Release */,
			);
			defaultConfigurationIsVisible = 0;
			defaultConfigurationName = Debug;
		};
		BA8B8D76EF212B998C25906C /* Build configuration list for PBXNativeTarget "PatchworkUITests" */ = {
			isa = XCConfigurationList;
			buildConfigurations = (
				FA0D3701672155C0B7FA0B57 /* Debug */,
				70E04F67C6A0C511362320B9 /* Release */,
			);
			defaultConfigurationIsVisible = 0;
			defaultConfigurationName = Debug;
		};
/* End XCConfigurationList section */

/* Begin XCRemoteSwiftPackageReference section */
		199463F4A8D310C19FFCC9CB /* XCRemoteSwiftPackageReference "convex-swift" */ = {
			isa = XCRemoteSwiftPackageReference;
			repositoryURL = "https://github.com/get-convex/convex-swift.git";
			requirement = {
				kind = upToNextMajorVersion;
				minimumVersion = 0.8.1;
			};
		};
		D8C773E7C453FF97259ED827 /* XCRemoteSwiftPackageReference "purchases-ios-spm" */ = {
			isa = XCRemoteSwiftPackageReference;
			repositoryURL = "https://github.com/RevenueCat/purchases-ios-spm.git";
			requirement = {
				kind = upToNextMajorVersion;
				minimumVersion = 5.0.0;
			};
		};
/* End XCRemoteSwiftPackageReference section */

/* Begin XCSwiftPackageProductDependency section */
		1ED565BFCFE5A76AE2073FAC /* ConvexMobile */ = {
			isa = XCSwiftPackageProductDependency;
			package = 199463F4A8D310C19FFCC9CB /* XCRemoteSwiftPackageReference "convex-swift" */;
			productName = ConvexMobile;
		};
		A2B6386314D137BE552E1DFA /* RevenueCat */ = {
			isa = XCSwiftPackageProductDependency;
			package = D8C773E7C453FF97259ED827 /* XCRemoteSwiftPackageReference "purchases-ios-spm" */;
			productName = RevenueCat;
		};
/* End XCSwiftPackageProductDependency section */
	};
	rootObject = CB4A8DB81E6148DF2E9F4510 /* Project object */;
}
